// !$*UTF8*$!
{
	archiveVersion = 1;
	classes = {
	};
	objectVersion = 55;
	objects = {

/* Begin PBXBuildFile section */
		150A677E2705FFEB009EE4AF /* YDNetWorkConfig.m in Sources */ = {isa = PBXBuildFile; fileRef = 150A677D2705FFEB009EE4AF /* YDNetWorkConfig.m */; };
		150A677F2705FFEF009EE4AF /* YDNetWorkConfig.m in Sources */ = {isa = PBXBuildFile; fileRef = 150A677D2705FFEB009EE4AF /* YDNetWorkConfig.m */; };
		150A678327060117009EE4AF /* YDUserConfig.m in Sources */ = {isa = PBXBuildFile; fileRef = 150A678227060117009EE4AF /* YDUserConfig.m */; };
		150A678427060117009EE4AF /* YDUserConfig.m in Sources */ = {isa = PBXBuildFile; fileRef = 150A678227060117009EE4AF /* YDUserConfig.m */; };
		150A678D27060308009EE4AF /* YDBaseViewController.m in Sources */ = {isa = PBXBuildFile; fileRef = 150A678C27060308009EE4AF /* YDBaseViewController.m */; };
		150A678E27060308009EE4AF /* YDBaseViewController.m in Sources */ = {isa = PBXBuildFile; fileRef = 150A678C27060308009EE4AF /* YDBaseViewController.m */; };
		150A6791270603AE009EE4AF /* UIViewController+YDHook.m in Sources */ = {isa = PBXBuildFile; fileRef = 150A6790270603AE009EE4AF /* UIViewController+YDHook.m */; };
		150A6792270603AE009EE4AF /* UIViewController+YDHook.m in Sources */ = {isa = PBXBuildFile; fileRef = 150A6790270603AE009EE4AF /* UIViewController+YDHook.m */; };
		150A679927060446009EE4AF /* UIViewController+YDNav.m in Sources */ = {isa = PBXBuildFile; fileRef = 150A679827060446009EE4AF /* UIViewController+YDNav.m */; };
		150A679A27060446009EE4AF /* UIViewController+YDNav.m in Sources */ = {isa = PBXBuildFile; fileRef = 150A679827060446009EE4AF /* UIViewController+YDNav.m */; };
		150A67A2270608A9009EE4AF /* YDHomePageViewController.m in Sources */ = {isa = PBXBuildFile; fileRef = 150A67A1270608A9009EE4AF /* YDHomePageViewController.m */; };
		150A67A3270608A9009EE4AF /* YDHomePageViewController.m in Sources */ = {isa = PBXBuildFile; fileRef = 150A67A1270608A9009EE4AF /* YDHomePageViewController.m */; };
		150A67A7270608BB009EE4AF /* YDLoginViewController.m in Sources */ = {isa = PBXBuildFile; fileRef = 150A67A6270608BB009EE4AF /* YDLoginViewController.m */; };
		150A67A8270608BB009EE4AF /* YDLoginViewController.m in Sources */ = {isa = PBXBuildFile; fileRef = 150A67A6270608BB009EE4AF /* YDLoginViewController.m */; };
		150A67B327068414009EE4AF /* AppDelegate+YDAvoidCrash.m in Sources */ = {isa = PBXBuildFile; fileRef = 150A67B227068414009EE4AF /* AppDelegate+YDAvoidCrash.m */; };
		150A67B427068414009EE4AF /* AppDelegate+YDAvoidCrash.m in Sources */ = {isa = PBXBuildFile; fileRef = 150A67B227068414009EE4AF /* AppDelegate+YDAvoidCrash.m */; };
		150A67B727068977009EE4AF /* AppDelegate+YDThird.m in Sources */ = {isa = PBXBuildFile; fileRef = 150A67B627068977009EE4AF /* AppDelegate+YDThird.m */; };
		150A67B827068977009EE4AF /* AppDelegate+YDThird.m in Sources */ = {isa = PBXBuildFile; fileRef = 150A67B627068977009EE4AF /* AppDelegate+YDThird.m */; };
		150A67BC270691EB009EE4AF /* YDMineViewController.m in Sources */ = {isa = PBXBuildFile; fileRef = 150A67BB270691EB009EE4AF /* YDMineViewController.m */; };
		150A67BD270691EB009EE4AF /* YDMineViewController.m in Sources */ = {isa = PBXBuildFile; fileRef = 150A67BB270691EB009EE4AF /* YDMineViewController.m */; };
		150A67C527069437009EE4AF /* YDCameraPermissionUtil.m in Sources */ = {isa = PBXBuildFile; fileRef = 150A67C427069437009EE4AF /* YDCameraPermissionUtil.m */; };
		150A67C627069437009EE4AF /* YDCameraPermissionUtil.m in Sources */ = {isa = PBXBuildFile; fileRef = 150A67C427069437009EE4AF /* YDCameraPermissionUtil.m */; };
		150A67CA27069690009EE4AF /* YDDB.m in Sources */ = {isa = PBXBuildFile; fileRef = 150A67C927069690009EE4AF /* YDDB.m */; };
		150A67CB27069690009EE4AF /* YDDB.m in Sources */ = {isa = PBXBuildFile; fileRef = 150A67C927069690009EE4AF /* YDDB.m */; };
		150A67D227069855009EE4AF /* YDButton.m in Sources */ = {isa = PBXBuildFile; fileRef = 150A67D127069855009EE4AF /* YDButton.m */; };
		150A67D327069855009EE4AF /* YDButton.m in Sources */ = {isa = PBXBuildFile; fileRef = 150A67D127069855009EE4AF /* YDButton.m */; };
		150A67D72706A128009EE4AF /* AppDelegate+YDSetupVC.m in Sources */ = {isa = PBXBuildFile; fileRef = 150A67D62706A128009EE4AF /* AppDelegate+YDSetupVC.m */; };
		150A67D82706A128009EE4AF /* AppDelegate+YDSetupVC.m in Sources */ = {isa = PBXBuildFile; fileRef = 150A67D62706A128009EE4AF /* AppDelegate+YDSetupVC.m */; };
		150A67DA27070F86009EE4AF /* YDConfigImage.xcassets in Resources */ = {isa = PBXBuildFile; fileRef = 150A67D927070F86009EE4AF /* YDConfigImage.xcassets */; };
		150A67DB27070F86009EE4AF /* YDConfigImage.xcassets in Resources */ = {isa = PBXBuildFile; fileRef = 150A67D927070F86009EE4AF /* YDConfigImage.xcassets */; };
		150A67DD27071302009EE4AF /* YDNotificationConst.m in Sources */ = {isa = PBXBuildFile; fileRef = 150A67DC27071302009EE4AF /* YDNotificationConst.m */; };
		150A67DE27071302009EE4AF /* YDNotificationConst.m in Sources */ = {isa = PBXBuildFile; fileRef = 150A67DC27071302009EE4AF /* YDNotificationConst.m */; };
		150A67E227073557009EE4AF /* YDStyle.m in Sources */ = {isa = PBXBuildFile; fileRef = 150A67E127073557009EE4AF /* YDStyle.m */; };
		150A67E327073557009EE4AF /* YDStyle.m in Sources */ = {isa = PBXBuildFile; fileRef = 150A67E127073557009EE4AF /* YDStyle.m */; };
		150A67E627073642009EE4AF /* YDImageView.m in Sources */ = {isa = PBXBuildFile; fileRef = 150A67E527073642009EE4AF /* YDImageView.m */; };
		150A67E727073642009EE4AF /* YDImageView.m in Sources */ = {isa = PBXBuildFile; fileRef = 150A67E527073642009EE4AF /* YDImageView.m */; };
		150A67EA27073A69009EE4AF /* YDTableView.m in Sources */ = {isa = PBXBuildFile; fileRef = 150A67E927073A69009EE4AF /* YDTableView.m */; };
		150A67EB27073A69009EE4AF /* YDTableView.m in Sources */ = {isa = PBXBuildFile; fileRef = 150A67E927073A69009EE4AF /* YDTableView.m */; };
		150A67F027074092009EE4AF /* YDHiddenFunctionViewController.m in Sources */ = {isa = PBXBuildFile; fileRef = 150A67EF27074092009EE4AF /* YDHiddenFunctionViewController.m */; };
		150A67F127074092009EE4AF /* YDHiddenFunctionViewController.m in Sources */ = {isa = PBXBuildFile; fileRef = 150A67EF27074092009EE4AF /* YDHiddenFunctionViewController.m */; };
		150A67F5270740B6009EE4AF /* YDView.m in Sources */ = {isa = PBXBuildFile; fileRef = 150A67F4270740B6009EE4AF /* YDView.m */; };
		150A67F6270740B6009EE4AF /* YDView.m in Sources */ = {isa = PBXBuildFile; fileRef = 150A67F4270740B6009EE4AF /* YDView.m */; };
		150A67F9270740D5009EE4AF /* YDHiddenFunctionPasswordInputView.m in Sources */ = {isa = PBXBuildFile; fileRef = 150A67F8270740D5009EE4AF /* YDHiddenFunctionPasswordInputView.m */; };
		150A67FA270740D5009EE4AF /* YDHiddenFunctionPasswordInputView.m in Sources */ = {isa = PBXBuildFile; fileRef = 150A67F8270740D5009EE4AF /* YDHiddenFunctionPasswordInputView.m */; };
		150A67FD27074AB2009EE4AF /* YDHiddenFunctionPasswordView.m in Sources */ = {isa = PBXBuildFile; fileRef = 150A67FC27074AB2009EE4AF /* YDHiddenFunctionPasswordView.m */; };
		150A67FE27074AB4009EE4AF /* YDHiddenFunctionPasswordView.m in Sources */ = {isa = PBXBuildFile; fileRef = 150A67FC27074AB2009EE4AF /* YDHiddenFunctionPasswordView.m */; };
		157FFCA02716F75C0034946A /* YDFileManager.m in Sources */ = {isa = PBXBuildFile; fileRef = 157FFC9F2716F75C0034946A /* YDFileManager.m */; };
		157FFCA12716F75C0034946A /* YDFileManager.m in Sources */ = {isa = PBXBuildFile; fileRef = 157FFC9F2716F75C0034946A /* YDFileManager.m */; };
		157FFCA42716FBC30034946A /* YDUploadManager.m in Sources */ = {isa = PBXBuildFile; fileRef = 157FFCA32716FBC30034946A /* YDUploadManager.m */; };
		157FFCA52716FBC30034946A /* YDUploadManager.m in Sources */ = {isa = PBXBuildFile; fileRef = 157FFCA32716FBC30034946A /* YDUploadManager.m */; };
		15850CD82713DDE8002F79B5 /* YDAlertViewController.m in Sources */ = {isa = PBXBuildFile; fileRef = 15850CD72713DDE8002F79B5 /* YDAlertViewController.m */; };
		15850CD92713DDE8002F79B5 /* YDAlertViewController.m in Sources */ = {isa = PBXBuildFile; fileRef = 15850CD72713DDE8002F79B5 /* YDAlertViewController.m */; };
		15850CDD2713DFEF002F79B5 /* YDAlertAction.m in Sources */ = {isa = PBXBuildFile; fileRef = 15850CDC2713DFEF002F79B5 /* YDAlertAction.m */; };
		15850CDE2713DFEF002F79B5 /* YDAlertAction.m in Sources */ = {isa = PBXBuildFile; fileRef = 15850CDC2713DFEF002F79B5 /* YDAlertAction.m */; };
		15850CE12713E067002F79B5 /* YDAlertViewConfig.m in Sources */ = {isa = PBXBuildFile; fileRef = 15850CE02713E067002F79B5 /* YDAlertViewConfig.m */; };
		15850CE22713E067002F79B5 /* YDAlertViewConfig.m in Sources */ = {isa = PBXBuildFile; fileRef = 15850CE02713E067002F79B5 /* YDAlertViewConfig.m */; };
		15850CE52713E118002F79B5 /* YDAlertView.m in Sources */ = {isa = PBXBuildFile; fileRef = 15850CE42713E118002F79B5 /* YDAlertView.m */; };
		15850CE62713E118002F79B5 /* YDAlertView.m in Sources */ = {isa = PBXBuildFile; fileRef = 15850CE42713E118002F79B5 /* YDAlertView.m */; };
		15850CEA2713E2CD002F79B5 /* YDClearCacheService.m in Sources */ = {isa = PBXBuildFile; fileRef = 15850CE92713E2CD002F79B5 /* YDClearCacheService.m */; };
		15850CEB2713E2CD002F79B5 /* YDClearCacheService.m in Sources */ = {isa = PBXBuildFile; fileRef = 15850CE92713E2CD002F79B5 /* YDClearCacheService.m */; };
		15850CEE2713E92C002F79B5 /* YDClearCacheConfig.m in Sources */ = {isa = PBXBuildFile; fileRef = 15850CED2713E92C002F79B5 /* YDClearCacheConfig.m */; };
		15850CEF2713E92C002F79B5 /* YDClearCacheConfig.m in Sources */ = {isa = PBXBuildFile; fileRef = 15850CED2713E92C002F79B5 /* YDClearCacheConfig.m */; };
		15850CFD2715B7DE002F79B5 /* YDLoggerUploadService.m in Sources */ = {isa = PBXBuildFile; fileRef = 15850CFC2715B7DE002F79B5 /* YDLoggerUploadService.m */; };
		15850CFE2715B7DF002F79B5 /* YDLoggerUploadService.m in Sources */ = {isa = PBXBuildFile; fileRef = 15850CFC2715B7DE002F79B5 /* YDLoggerUploadService.m */; };
		158AF8C8270418F90095A3B1 /* AppDelegate.m in Sources */ = {isa = PBXBuildFile; fileRef = 158AF8C7270418F90095A3B1 /* AppDelegate.m */; };
		158AF8D3270418FB0095A3B1 /* Assets.xcassets in Resources */ = {isa = PBXBuildFile; fileRef = 158AF8D2270418FB0095A3B1 /* Assets.xcassets */; };
		158AF8D6270418FB0095A3B1 /* LaunchScreen.storyboard in Resources */ = {isa = PBXBuildFile; fileRef = 158AF8D4270418FB0095A3B1 /* LaunchScreen.storyboard */; };
		158AF8D9270418FB0095A3B1 /* main.m in Sources */ = {isa = PBXBuildFile; fileRef = 158AF8D8270418FB0095A3B1 /* main.m */; };
		158AF8E3270418FC0095A3B1 /* yd_general_ios_appTests.m in Sources */ = {isa = PBXBuildFile; fileRef = 158AF8E2270418FC0095A3B1 /* yd_general_ios_appTests.m */; };
		158AF8ED270418FC0095A3B1 /* yd_general_ios_appUITests.m in Sources */ = {isa = PBXBuildFile; fileRef = 158AF8EC270418FC0095A3B1 /* yd_general_ios_appUITests.m */; };
		158AF8EF270418FC0095A3B1 /* yd_general_ios_appUITestsLaunchTests.m in Sources */ = {isa = PBXBuildFile; fileRef = 158AF8EE270418FC0095A3B1 /* yd_general_ios_appUITestsLaunchTests.m */; };
		158AF8FE2704193B0095A3B1 /* AppDelegate.m in Sources */ = {isa = PBXBuildFile; fileRef = 158AF8C7270418F90095A3B1 /* AppDelegate.m */; };
		158AF8FF2704193B0095A3B1 /* main.m in Sources */ = {isa = PBXBuildFile; fileRef = 158AF8D8270418FB0095A3B1 /* main.m */; };
		158AF9032704193B0095A3B1 /* LaunchScreen.storyboard in Resources */ = {isa = PBXBuildFile; fileRef = 158AF8D4270418FB0095A3B1 /* LaunchScreen.storyboard */; };
		158AF9042704193B0095A3B1 /* Assets.xcassets in Resources */ = {isa = PBXBuildFile; fileRef = 158AF8D2270418FB0095A3B1 /* Assets.xcassets */; };
		158AF90F27043BBF0095A3B1 /* yd-general-ios-app-dev-Info.plist in Resources */ = {isa = PBXBuildFile; fileRef = 158AF90D27043BB30095A3B1 /* yd-general-ios-app-dev-Info.plist */; };
		158AF91027043BC20095A3B1 /* yd-general-ios-app-Info.plist in Resources */ = {isa = PBXBuildFile; fileRef = 158AF8D7270418FB0095A3B1 /* yd-general-ios-app-Info.plist */; };
		158AF919270443250095A3B1 /* AppDelegate+YDServicePush.m in Sources */ = {isa = PBXBuildFile; fileRef = 158AF918270443250095A3B1 /* AppDelegate+YDServicePush.m */; };
		158AF91A270443250095A3B1 /* AppDelegate+YDServicePush.m in Sources */ = {isa = PBXBuildFile; fileRef = 158AF918270443250095A3B1 /* AppDelegate+YDServicePush.m */; };
		158AF91E2704455C0095A3B1 /* YDTestViewController.m in Sources */ = {isa = PBXBuildFile; fileRef = 158AF91D2704455C0095A3B1 /* YDTestViewController.m */; };
		158AF91F2704455C0095A3B1 /* YDTestViewController.m in Sources */ = {isa = PBXBuildFile; fileRef = 158AF91D2704455C0095A3B1 /* YDTestViewController.m */; };
		15BA9C202711DEFB008019F4 /* YDPlistConst.m in Sources */ = {isa = PBXBuildFile; fileRef = 15BA9C1F2711DEFB008019F4 /* YDPlistConst.m */; };
		15BA9C212711DEFB008019F4 /* YDPlistConst.m in Sources */ = {isa = PBXBuildFile; fileRef = 15BA9C1F2711DEFB008019F4 /* YDPlistConst.m */; };
		15BA9C252711E4FB008019F4 /* YDUser.m in Sources */ = {isa = PBXBuildFile; fileRef = 15BA9C242711E4FB008019F4 /* YDUser.m */; };
		15BA9C262711E4FB008019F4 /* YDUser.m in Sources */ = {isa = PBXBuildFile; fileRef = 15BA9C242711E4FB008019F4 /* YDUser.m */; };
		15BA9C292711E930008019F4 /* YDDB+YDUser.m in Sources */ = {isa = PBXBuildFile; fileRef = 15BA9C282711E930008019F4 /* YDDB+YDUser.m */; };
		15BA9C2A2711E930008019F4 /* YDDB+YDUser.m in Sources */ = {isa = PBXBuildFile; fileRef = 15BA9C282711E930008019F4 /* YDDB+YDUser.m */; };
		15BA9C2F27127AA2008019F4 /* YDImageUploadService.m in Sources */ = {isa = PBXBuildFile; fileRef = 15BA9C2E27127AA2008019F4 /* YDImageUploadService.m */; };
		15BA9C3027127AA2008019F4 /* YDImageUploadService.m in Sources */ = {isa = PBXBuildFile; fileRef = 15BA9C2E27127AA2008019F4 /* YDImageUploadService.m */; };
		15BA9C38271288D2008019F4 /* YDLoginCommand.m in Sources */ = {isa = PBXBuildFile; fileRef = 15BA9C37271288D2008019F4 /* YDLoginCommand.m */; };
		15BA9C39271288D2008019F4 /* YDLoginCommand.m in Sources */ = {isa = PBXBuildFile; fileRef = 15BA9C37271288D2008019F4 /* YDLoginCommand.m */; };
		21035A6C219FA3AB9D49D6B0 /* libPods-yd-general-ios-app.a in Frameworks */ = {isa = PBXBuildFile; fileRef = 38246749678BFA03C80151BE /* libPods-yd-general-ios-app.a */; };
		3306CEEFBDBA79D3E4794172 /* libPods-yd-general-ios-app-dev.a in Frameworks */ = {isa = PBXBuildFile; fileRef = 7E27A2D3BDC72AB5C3E16729 /* libPods-yd-general-ios-app-dev.a */; };
/* End PBXBuildFile section */

/* Begin PBXContainerItemProxy section */
		158AF8DF270418FC0095A3B1 /* PBXContainerItemProxy */ = {
			isa = PBXContainerItemProxy;
			containerPortal = 158AF8BB270418F90095A3B1 /* Project object */;
			proxyType = 1;
			remoteGlobalIDString = 158AF8C2270418F90095A3B1;
			remoteInfo = "yd-general-ios-app";
		};
		158AF8E9270418FC0095A3B1 /* PBXContainerItemProxy */ = {
			isa = PBXContainerItemProxy;
			containerPortal = 158AF8BB270418F90095A3B1 /* Project object */;
			proxyType = 1;
			remoteGlobalIDString = 158AF8C2270418F90095A3B1;
			remoteInfo = "yd-general-ios-app";
		};
/* End PBXContainerItemProxy section */

/* Begin PBXFileReference section */
		150A677C2705FFEB009EE4AF /* YDNetWorkConfig.h */ = {isa = PBXFileReference; lastKnownFileType = sourcecode.c.h; path = YDNetWorkConfig.h; sourceTree = "<group>"; };
		150A677D2705FFEB009EE4AF /* YDNetWorkConfig.m */ = {isa = PBXFileReference; lastKnownFileType = sourcecode.c.objc; path = YDNetWorkConfig.m; sourceTree = "<group>"; };
		150A678127060117009EE4AF /* YDUserConfig.h */ = {isa = PBXFileReference; lastKnownFileType = sourcecode.c.h; path = YDUserConfig.h; sourceTree = "<group>"; };
		150A678227060117009EE4AF /* YDUserConfig.m */ = {isa = PBXFileReference; lastKnownFileType = sourcecode.c.objc; path = YDUserConfig.m; sourceTree = "<group>"; };
		150A678B27060308009EE4AF /* YDBaseViewController.h */ = {isa = PBXFileReference; lastKnownFileType = sourcecode.c.h; path = YDBaseViewController.h; sourceTree = "<group>"; };
		150A678C27060308009EE4AF /* YDBaseViewController.m */ = {isa = PBXFileReference; lastKnownFileType = sourcecode.c.objc; path = YDBaseViewController.m; sourceTree = "<group>"; };
		150A678F270603AE009EE4AF /* UIViewController+YDHook.h */ = {isa = PBXFileReference; lastKnownFileType = sourcecode.c.h; path = "UIViewController+YDHook.h"; sourceTree = "<group>"; };
		150A6790270603AE009EE4AF /* UIViewController+YDHook.m */ = {isa = PBXFileReference; lastKnownFileType = sourcecode.c.objc; path = "UIViewController+YDHook.m"; sourceTree = "<group>"; };
		150A679727060446009EE4AF /* UIViewController+YDNav.h */ = {isa = PBXFileReference; lastKnownFileType = sourcecode.c.h; path = "UIViewController+YDNav.h"; sourceTree = "<group>"; };
		150A679827060446009EE4AF /* UIViewController+YDNav.m */ = {isa = PBXFileReference; lastKnownFileType = sourcecode.c.objc; path = "UIViewController+YDNav.m"; sourceTree = "<group>"; };
		150A679F2706079C009EE4AF /* YDBaseVC.h */ = {isa = PBXFileReference; lastKnownFileType = sourcecode.c.h; path = YDBaseVC.h; sourceTree = "<group>"; };
		150A67A0270608A9009EE4AF /* YDHomePageViewController.h */ = {isa = PBXFileReference; lastKnownFileType = sourcecode.c.h; path = YDHomePageViewController.h; sourceTree = "<group>"; };
		150A67A1270608A9009EE4AF /* YDHomePageViewController.m */ = {isa = PBXFileReference; lastKnownFileType = sourcecode.c.objc; path = YDHomePageViewController.m; sourceTree = "<group>"; };
		150A67A5270608BB009EE4AF /* YDLoginViewController.h */ = {isa = PBXFileReference; lastKnownFileType = sourcecode.c.h; path = YDLoginViewController.h; sourceTree = "<group>"; };
		150A67A6270608BB009EE4AF /* YDLoginViewController.m */ = {isa = PBXFileReference; lastKnownFileType = sourcecode.c.objc; path = YDLoginViewController.m; sourceTree = "<group>"; };
		150A67B127068414009EE4AF /* AppDelegate+YDAvoidCrash.h */ = {isa = PBXFileReference; lastKnownFileType = sourcecode.c.h; path = "AppDelegate+YDAvoidCrash.h"; sourceTree = "<group>"; };
		150A67B227068414009EE4AF /* AppDelegate+YDAvoidCrash.m */ = {isa = PBXFileReference; lastKnownFileType = sourcecode.c.objc; path = "AppDelegate+YDAvoidCrash.m"; sourceTree = "<group>"; };
		150A67B527068977009EE4AF /* AppDelegate+YDThird.h */ = {isa = PBXFileReference; lastKnownFileType = sourcecode.c.h; path = "AppDelegate+YDThird.h"; sourceTree = "<group>"; };
		150A67B627068977009EE4AF /* AppDelegate+YDThird.m */ = {isa = PBXFileReference; lastKnownFileType = sourcecode.c.objc; path = "AppDelegate+YDThird.m"; sourceTree = "<group>"; };
		150A67BA270691EB009EE4AF /* YDMineViewController.h */ = {isa = PBXFileReference; lastKnownFileType = sourcecode.c.h; path = YDMineViewController.h; sourceTree = "<group>"; };
		150A67BB270691EB009EE4AF /* YDMineViewController.m */ = {isa = PBXFileReference; lastKnownFileType = sourcecode.c.objc; path = YDMineViewController.m; sourceTree = "<group>"; };
		150A67C0270692D1009EE4AF /* YDUtilBlock.h */ = {isa = PBXFileReference; lastKnownFileType = sourcecode.c.h; path = YDUtilBlock.h; sourceTree = "<group>"; };
		150A67C327069437009EE4AF /* YDCameraPermissionUtil.h */ = {isa = PBXFileReference; lastKnownFileType = sourcecode.c.h; path = YDCameraPermissionUtil.h; sourceTree = "<group>"; };
		150A67C427069437009EE4AF /* YDCameraPermissionUtil.m */ = {isa = PBXFileReference; lastKnownFileType = sourcecode.c.objc; path = YDCameraPermissionUtil.m; sourceTree = "<group>"; };
		150A67C827069690009EE4AF /* YDDB.h */ = {isa = PBXFileReference; lastKnownFileType = sourcecode.c.h; path = YDDB.h; sourceTree = "<group>"; };
		150A67C927069690009EE4AF /* YDDB.m */ = {isa = PBXFileReference; lastKnownFileType = sourcecode.c.objc; path = YDDB.m; sourceTree = "<group>"; };
		150A67CD270696E6009EE4AF /* YDNotificationConst.h */ = {isa = PBXFileReference; lastKnownFileType = sourcecode.c.h; path = YDNotificationConst.h; sourceTree = "<group>"; };
		150A67D027069855009EE4AF /* YDButton.h */ = {isa = PBXFileReference; lastKnownFileType = sourcecode.c.h; path = YDButton.h; sourceTree = "<group>"; };
		150A67D127069855009EE4AF /* YDButton.m */ = {isa = PBXFileReference; lastKnownFileType = sourcecode.c.objc; path = YDButton.m; sourceTree = "<group>"; };
		150A67D42706A0F9009EE4AF /* YDBaseView.h */ = {isa = PBXFileReference; lastKnownFileType = sourcecode.c.h; path = YDBaseView.h; sourceTree = "<group>"; };
		150A67D52706A128009EE4AF /* AppDelegate+YDSetupVC.h */ = {isa = PBXFileReference; lastKnownFileType = sourcecode.c.h; path = "AppDelegate+YDSetupVC.h"; sourceTree = "<group>"; };
		150A67D62706A128009EE4AF /* AppDelegate+YDSetupVC.m */ = {isa = PBXFileReference; lastKnownFileType = sourcecode.c.objc; path = "AppDelegate+YDSetupVC.m"; sourceTree = "<group>"; };
		150A67D927070F86009EE4AF /* YDConfigImage.xcassets */ = {isa = PBXFileReference; lastKnownFileType = folder.assetcatalog; path = YDConfigImage.xcassets; sourceTree = "<group>"; };
		150A67DC27071302009EE4AF /* YDNotificationConst.m */ = {isa = PBXFileReference; lastKnownFileType = sourcecode.c.objc; path = YDNotificationConst.m; sourceTree = "<group>"; };
		150A67E027073557009EE4AF /* YDStyle.h */ = {isa = PBXFileReference; lastKnownFileType = sourcecode.c.h; path = YDStyle.h; sourceTree = "<group>"; };
		150A67E127073557009EE4AF /* YDStyle.m */ = {isa = PBXFileReference; lastKnownFileType = sourcecode.c.objc; path = YDStyle.m; sourceTree = "<group>"; };
		150A67E427073642009EE4AF /* YDImageView.h */ = {isa = PBXFileReference; lastKnownFileType = sourcecode.c.h; path = YDImageView.h; sourceTree = "<group>"; };
		150A67E527073642009EE4AF /* YDImageView.m */ = {isa = PBXFileReference; lastKnownFileType = sourcecode.c.objc; path = YDImageView.m; sourceTree = "<group>"; };
		150A67E827073A69009EE4AF /* YDTableView.h */ = {isa = PBXFileReference; lastKnownFileType = sourcecode.c.h; path = YDTableView.h; sourceTree = "<group>"; };
		150A67E927073A69009EE4AF /* YDTableView.m */ = {isa = PBXFileReference; lastKnownFileType = sourcecode.c.objc; path = YDTableView.m; sourceTree = "<group>"; };
		150A67EE27074092009EE4AF /* YDHiddenFunctionViewController.h */ = {isa = PBXFileReference; lastKnownFileType = sourcecode.c.h; path = YDHiddenFunctionViewController.h; sourceTree = "<group>"; };
		150A67EF27074092009EE4AF /* YDHiddenFunctionViewController.m */ = {isa = PBXFileReference; lastKnownFileType = sourcecode.c.objc; path = YDHiddenFunctionViewController.m; sourceTree = "<group>"; };
		150A67F3270740B6009EE4AF /* YDView.h */ = {isa = PBXFileReference; lastKnownFileType = sourcecode.c.h; path = YDView.h; sourceTree = "<group>"; };
		150A67F4270740B6009EE4AF /* YDView.m */ = {isa = PBXFileReference; lastKnownFileType = sourcecode.c.objc; path = YDView.m; sourceTree = "<group>"; };
		150A67F7270740D5009EE4AF /* YDHiddenFunctionPasswordInputView.h */ = {isa = PBXFileReference; lastKnownFileType = sourcecode.c.h; path = YDHiddenFunctionPasswordInputView.h; sourceTree = "<group>"; };
		150A67F8270740D5009EE4AF /* YDHiddenFunctionPasswordInputView.m */ = {isa = PBXFileReference; lastKnownFileType = sourcecode.c.objc; path = YDHiddenFunctionPasswordInputView.m; sourceTree = "<group>"; };
		150A67FB27074AB2009EE4AF /* YDHiddenFunctionPasswordView.h */ = {isa = PBXFileReference; lastKnownFileType = sourcecode.c.h; path = YDHiddenFunctionPasswordView.h; sourceTree = "<group>"; };
		150A67FC27074AB2009EE4AF /* YDHiddenFunctionPasswordView.m */ = {isa = PBXFileReference; lastKnownFileType = sourcecode.c.objc; path = YDHiddenFunctionPasswordView.m; sourceTree = "<group>"; };
		157FFC9E2716F75C0034946A /* YDFileManager.h */ = {isa = PBXFileReference; lastKnownFileType = sourcecode.c.h; path = YDFileManager.h; sourceTree = "<group>"; };
		157FFC9F2716F75C0034946A /* YDFileManager.m */ = {isa = PBXFileReference; lastKnownFileType = sourcecode.c.objc; path = YDFileManager.m; sourceTree = "<group>"; };
		157FFCA22716FBC30034946A /* YDUploadManager.h */ = {isa = PBXFileReference; lastKnownFileType = sourcecode.c.h; path = YDUploadManager.h; sourceTree = "<group>"; };
		157FFCA32716FBC30034946A /* YDUploadManager.m */ = {isa = PBXFileReference; lastKnownFileType = sourcecode.c.objc; path = YDUploadManager.m; sourceTree = "<group>"; };
		15850CD62713DDE8002F79B5 /* YDAlertViewController.h */ = {isa = PBXFileReference; lastKnownFileType = sourcecode.c.h; path = YDAlertViewController.h; sourceTree = "<group>"; };
		15850CD72713DDE8002F79B5 /* YDAlertViewController.m */ = {isa = PBXFileReference; lastKnownFileType = sourcecode.c.objc; path = YDAlertViewController.m; sourceTree = "<group>"; };
		15850CDB2713DFEF002F79B5 /* YDAlertAction.h */ = {isa = PBXFileReference; lastKnownFileType = sourcecode.c.h; path = YDAlertAction.h; sourceTree = "<group>"; };
		15850CDC2713DFEF002F79B5 /* YDAlertAction.m */ = {isa = PBXFileReference; lastKnownFileType = sourcecode.c.objc; path = YDAlertAction.m; sourceTree = "<group>"; };
		15850CDF2713E067002F79B5 /* YDAlertViewConfig.h */ = {isa = PBXFileReference; lastKnownFileType = sourcecode.c.h; path = YDAlertViewConfig.h; sourceTree = "<group>"; };
		15850CE02713E067002F79B5 /* YDAlertViewConfig.m */ = {isa = PBXFileReference; lastKnownFileType = sourcecode.c.objc; path = YDAlertViewConfig.m; sourceTree = "<group>"; };
		15850CE32713E118002F79B5 /* YDAlertView.h */ = {isa = PBXFileReference; lastKnownFileType = sourcecode.c.h; path = YDAlertView.h; sourceTree = "<group>"; };
		15850CE42713E118002F79B5 /* YDAlertView.m */ = {isa = PBXFileReference; lastKnownFileType = sourcecode.c.objc; path = YDAlertView.m; sourceTree = "<group>"; };
		15850CE72713E297002F79B5 /* YDClearCacheProtocol.h */ = {isa = PBXFileReference; lastKnownFileType = sourcecode.c.h; path = YDClearCacheProtocol.h; sourceTree = "<group>"; };
		15850CE82713E2CD002F79B5 /* YDClearCacheService.h */ = {isa = PBXFileReference; lastKnownFileType = sourcecode.c.h; path = YDClearCacheService.h; sourceTree = "<group>"; };
		15850CE92713E2CD002F79B5 /* YDClearCacheService.m */ = {isa = PBXFileReference; lastKnownFileType = sourcecode.c.objc; path = YDClearCacheService.m; sourceTree = "<group>"; };
		15850CEC2713E92B002F79B5 /* YDClearCacheConfig.h */ = {isa = PBXFileReference; lastKnownFileType = sourcecode.c.h; path = YDClearCacheConfig.h; sourceTree = "<group>"; };
		15850CED2713E92C002F79B5 /* YDClearCacheConfig.m */ = {isa = PBXFileReference; lastKnownFileType = sourcecode.c.objc; path = YDClearCacheConfig.m; sourceTree = "<group>"; };
		15850CFB2715B7DE002F79B5 /* YDLoggerUploadService.h */ = {isa = PBXFileReference; lastKnownFileType = sourcecode.c.h; path = YDLoggerUploadService.h; sourceTree = "<group>"; };
		15850CFC2715B7DE002F79B5 /* YDLoggerUploadService.m */ = {isa = PBXFileReference; lastKnownFileType = sourcecode.c.objc; path = YDLoggerUploadService.m; sourceTree = "<group>"; };
		158AF8C3270418F90095A3B1 /* yd-general-ios-app.app */ = {isa = PBXFileReference; explicitFileType = wrapper.application; includeInIndex = 0; path = "yd-general-ios-app.app"; sourceTree = BUILT_PRODUCTS_DIR; };
		158AF8C6270418F90095A3B1 /* AppDelegate.h */ = {isa = PBXFileReference; lastKnownFileType = sourcecode.c.h; path = AppDelegate.h; sourceTree = "<group>"; };
		158AF8C7270418F90095A3B1 /* AppDelegate.m */ = {isa = PBXFileReference; lastKnownFileType = sourcecode.c.objc; path = AppDelegate.m; sourceTree = "<group>"; };
		158AF8D2270418FB0095A3B1 /* Assets.xcassets */ = {isa = PBXFileReference; lastKnownFileType = folder.assetcatalog; path = Assets.xcassets; sourceTree = "<group>"; };
		158AF8D5270418FB0095A3B1 /* Base */ = {isa = PBXFileReference; lastKnownFileType = file.storyboard; name = Base; path = Base.lproj/LaunchScreen.storyboard; sourceTree = "<group>"; };
		158AF8D7270418FB0095A3B1 /* yd-general-ios-app-Info.plist */ = {isa = PBXFileReference; lastKnownFileType = text.plist.xml; path = "yd-general-ios-app-Info.plist"; sourceTree = "<group>"; };
		158AF8D8270418FB0095A3B1 /* main.m */ = {isa = PBXFileReference; lastKnownFileType = sourcecode.c.objc; path = main.m; sourceTree = "<group>"; };
		158AF8DE270418FC0095A3B1 /* yd-general-ios-appTests.xctest */ = {isa = PBXFileReference; explicitFileType = wrapper.cfbundle; includeInIndex = 0; path = "yd-general-ios-appTests.xctest"; sourceTree = BUILT_PRODUCTS_DIR; };
		158AF8E2270418FC0095A3B1 /* yd_general_ios_appTests.m */ = {isa = PBXFileReference; lastKnownFileType = sourcecode.c.objc; path = yd_general_ios_appTests.m; sourceTree = "<group>"; };
		158AF8E8270418FC0095A3B1 /* yd-general-ios-appUITests.xctest */ = {isa = PBXFileReference; explicitFileType = wrapper.cfbundle; includeInIndex = 0; path = "yd-general-ios-appUITests.xctest"; sourceTree = BUILT_PRODUCTS_DIR; };
		158AF8EC270418FC0095A3B1 /* yd_general_ios_appUITests.m */ = {isa = PBXFileReference; lastKnownFileType = sourcecode.c.objc; path = yd_general_ios_appUITests.m; sourceTree = "<group>"; };
		158AF8EE270418FC0095A3B1 /* yd_general_ios_appUITestsLaunchTests.m */ = {isa = PBXFileReference; lastKnownFileType = sourcecode.c.objc; path = yd_general_ios_appUITestsLaunchTests.m; sourceTree = "<group>"; };
		158AF9092704193B0095A3B1 /* yd-general-ios-app-dev.app */ = {isa = PBXFileReference; explicitFileType = wrapper.application; includeInIndex = 0; path = "yd-general-ios-app-dev.app"; sourceTree = BUILT_PRODUCTS_DIR; };
		158AF90D27043BB30095A3B1 /* yd-general-ios-app-dev-Info.plist */ = {isa = PBXFileReference; fileEncoding = 4; lastKnownFileType = text.plist.xml; path = "yd-general-ios-app-dev-Info.plist"; sourceTree = "<group>"; };
		158AF91127043CA80095A3B1 /* YDAppDefine.h */ = {isa = PBXFileReference; lastKnownFileType = sourcecode.c.h; path = YDAppDefine.h; sourceTree = "<group>"; };
		158AF91227043E670095A3B1 /* YDAppOnlineDefine.h */ = {isa = PBXFileReference; lastKnownFileType = sourcecode.c.h; path = YDAppOnlineDefine.h; sourceTree = "<group>"; };
		158AF91327043E760095A3B1 /* YDAppDevDefine.h */ = {isa = PBXFileReference; lastKnownFileType = sourcecode.c.h; path = YDAppDevDefine.h; sourceTree = "<group>"; };
		158AF91627043F820095A3B1 /* YDAppPch.pch */ = {isa = PBXFileReference; lastKnownFileType = sourcecode.c.h; path = YDAppPch.pch; sourceTree = "<group>"; };
		158AF917270443250095A3B1 /* AppDelegate+YDServicePush.h */ = {isa = PBXFileReference; lastKnownFileType = sourcecode.c.h; path = "AppDelegate+YDServicePush.h"; sourceTree = "<group>"; };
		158AF918270443250095A3B1 /* AppDelegate+YDServicePush.m */ = {isa = PBXFileReference; lastKnownFileType = sourcecode.c.objc; path = "AppDelegate+YDServicePush.m"; sourceTree = "<group>"; };
		158AF91C2704455B0095A3B1 /* YDTestViewController.h */ = {isa = PBXFileReference; lastKnownFileType = sourcecode.c.h; path = YDTestViewController.h; sourceTree = "<group>"; };
		158AF91D2704455C0095A3B1 /* YDTestViewController.m */ = {isa = PBXFileReference; lastKnownFileType = sourcecode.c.objc; path = YDTestViewController.m; sourceTree = "<group>"; };
		15BA9C1E2711DEFB008019F4 /* YDPlistConst.h */ = {isa = PBXFileReference; lastKnownFileType = sourcecode.c.h; path = YDPlistConst.h; sourceTree = "<group>"; };
		15BA9C1F2711DEFB008019F4 /* YDPlistConst.m */ = {isa = PBXFileReference; lastKnownFileType = sourcecode.c.objc; path = YDPlistConst.m; sourceTree = "<group>"; };
		15BA9C232711E4FB008019F4 /* YDUser.h */ = {isa = PBXFileReference; lastKnownFileType = sourcecode.c.h; path = YDUser.h; sourceTree = "<group>"; };
		15BA9C242711E4FB008019F4 /* YDUser.m */ = {isa = PBXFileReference; lastKnownFileType = sourcecode.c.objc; path = YDUser.m; sourceTree = "<group>"; };
		15BA9C272711E930008019F4 /* YDDB+YDUser.h */ = {isa = PBXFileReference; lastKnownFileType = sourcecode.c.h; path = "YDDB+YDUser.h"; sourceTree = "<group>"; };
		15BA9C282711E930008019F4 /* YDDB+YDUser.m */ = {isa = PBXFileReference; lastKnownFileType = sourcecode.c.objc; path = "YDDB+YDUser.m"; sourceTree = "<group>"; wrapsLines = 0; };
		15BA9C2D27127AA2008019F4 /* YDImageUploadService.h */ = {isa = PBXFileReference; lastKnownFileType = sourcecode.c.h; path = YDImageUploadService.h; sourceTree = "<group>"; };
		15BA9C2E27127AA2008019F4 /* YDImageUploadService.m */ = {isa = PBXFileReference; lastKnownFileType = sourcecode.c.objc; path = YDImageUploadService.m; sourceTree = "<group>"; };
		15BA9C36271288D2008019F4 /* YDLoginCommand.h */ = {isa = PBXFileReference; lastKnownFileType = sourcecode.c.h; path = YDLoginCommand.h; sourceTree = "<group>"; };
		15BA9C37271288D2008019F4 /* YDLoginCommand.m */ = {isa = PBXFileReference; lastKnownFileType = sourcecode.c.objc; path = YDLoginCommand.m; sourceTree = "<group>"; };
		38246749678BFA03C80151BE /* libPods-yd-general-ios-app.a */ = {isa = PBXFileReference; explicitFileType = archive.ar; includeInIndex = 0; path = "libPods-yd-general-ios-app.a"; sourceTree = BUILT_PRODUCTS_DIR; };
		7E27A2D3BDC72AB5C3E16729 /* libPods-yd-general-ios-app-dev.a */ = {isa = PBXFileReference; explicitFileType = archive.ar; includeInIndex = 0; path = "libPods-yd-general-ios-app-dev.a"; sourceTree = BUILT_PRODUCTS_DIR; };
		87A3397D9D276E34E025EA8D /* Pods-yd-general-ios-app.release.xcconfig */ = {isa = PBXFileReference; includeInIndex = 1; lastKnownFileType = text.xcconfig; name = "Pods-yd-general-ios-app.release.xcconfig"; path = "Target Support Files/Pods-yd-general-ios-app/Pods-yd-general-ios-app.release.xcconfig"; sourceTree = "<group>"; };
		C4927EC62FAED2A1247763F7 /* Pods-yd-general-ios-app-dev.debug.xcconfig */ = {isa = PBXFileReference; includeInIndex = 1; lastKnownFileType = text.xcconfig; name = "Pods-yd-general-ios-app-dev.debug.xcconfig"; path = "Target Support Files/Pods-yd-general-ios-app-dev/Pods-yd-general-ios-app-dev.debug.xcconfig"; sourceTree = "<group>"; };
		DABD7102794D33F611892A56 /* Pods-yd-general-ios-app.debug.xcconfig */ = {isa = PBXFileReference; includeInIndex = 1; lastKnownFileType = text.xcconfig; name = "Pods-yd-general-ios-app.debug.xcconfig"; path = "Target Support Files/Pods-yd-general-ios-app/Pods-yd-general-ios-app.debug.xcconfig"; sourceTree = "<group>"; };
		E6399C9DB774853E20F3742D /* Pods-yd-general-ios-app-dev.release.xcconfig */ = {isa = PBXFileReference; includeInIndex = 1; lastKnownFileType = text.xcconfig; name = "Pods-yd-general-ios-app-dev.release.xcconfig"; path = "Target Support Files/Pods-yd-general-ios-app-dev/Pods-yd-general-ios-app-dev.release.xcconfig"; sourceTree = "<group>"; };
/* End PBXFileReference section */

/* Begin PBXFrameworksBuildPhase section */
		158AF8C0270418F90095A3B1 /* Frameworks */ = {
			isa = PBXFrameworksBuildPhase;
			buildActionMask = 2147483647;
			files = (
				21035A6C219FA3AB9D49D6B0 /* libPods-yd-general-ios-app.a in Frameworks */,
			);
			runOnlyForDeploymentPostprocessing = 0;
		};
		158AF8DB270418FC0095A3B1 /* Frameworks */ = {
			isa = PBXFrameworksBuildPhase;
			buildActionMask = 2147483647;
			files = (
			);
			runOnlyForDeploymentPostprocessing = 0;
		};
		158AF8E5270418FC0095A3B1 /* Frameworks */ = {
			isa = PBXFrameworksBuildPhase;
			buildActionMask = 2147483647;
			files = (
			);
			runOnlyForDeploymentPostprocessing = 0;
		};
		158AF9012704193B0095A3B1 /* Frameworks */ = {
			isa = PBXFrameworksBuildPhase;
			buildActionMask = 2147483647;
			files = (
				3306CEEFBDBA79D3E4794172 /* libPods-yd-general-ios-app-dev.a in Frameworks */,
			);
			runOnlyForDeploymentPostprocessing = 0;
		};
/* End PBXFrameworksBuildPhase section */

/* Begin PBXGroup section */
		150A677B2705FF68009EE4AF /* NetworkConfig */ = {
			isa = PBXGroup;
			children = (
				150A677C2705FFEB009EE4AF /* YDNetWorkConfig.h */,
				150A677D2705FFEB009EE4AF /* YDNetWorkConfig.m */,
			);
			path = NetworkConfig;
			sourceTree = "<group>";
		};
		150A67802706007C009EE4AF /* UserConfig */ = {
			isa = PBXGroup;
			children = (
				15BA9C222711E4EA008019F4 /* YDUserModel */,
				150A678127060117009EE4AF /* YDUserConfig.h */,
				150A678227060117009EE4AF /* YDUserConfig.m */,
			);
			path = UserConfig;
			sourceTree = "<group>";
		};
		150A67852706012F009EE4AF /* YDApp */ = {
			isa = PBXGroup;
			children = (
				150A67EC27074062009EE4AF /* YDHiddenFunction */,
				150A67872706014B009EE4AF /* YDHomePage */,
				150A67B927068F65009EE4AF /* YDMine */,
				150A67862706013C009EE4AF /* YDLogin */,
			);
			path = YDApp;
			sourceTree = "<group>";
		};
		150A67862706013C009EE4AF /* YDLogin */ = {
			isa = PBXGroup;
			children = (
				15BA9C312712887B008019F4 /* Command */,
				150A67A4270608AF009EE4AF /* VC */,
			);
			path = YDLogin;
			sourceTree = "<group>";
		};
		150A67872706014B009EE4AF /* YDHomePage */ = {
			isa = PBXGroup;
			children = (
				150A678827060159009EE4AF /* VC */,
			);
			path = YDHomePage;
			sourceTree = "<group>";
		};
		150A678827060159009EE4AF /* VC */ = {
			isa = PBXGroup;
			children = (
				150A67A0270608A9009EE4AF /* YDHomePageViewController.h */,
				150A67A1270608A9009EE4AF /* YDHomePageViewController.m */,
			);
			path = VC;
			sourceTree = "<group>";
		};
		150A678927060275009EE4AF /* YDVendors */ = {
			isa = PBXGroup;
			children = (
				15850CD52713DD2E002F79B5 /* YDAlertView */,
				150A67CE27069830009EE4AF /* YDBaseUI */,
				150A67C2270693F3009EE4AF /* YDPermissionUtil */,
			);
			path = YDVendors;
			sourceTree = "<group>";
		};
		150A678A270602C0009EE4AF /* YDBaseVC */ = {
			isa = PBXGroup;
			children = (
				150A679F2706079C009EE4AF /* YDBaseVC.h */,
				150A678B27060308009EE4AF /* YDBaseViewController.h */,
				150A678C27060308009EE4AF /* YDBaseViewController.m */,
				150A678F270603AE009EE4AF /* UIViewController+YDHook.h */,
				150A6790270603AE009EE4AF /* UIViewController+YDHook.m */,
				150A679727060446009EE4AF /* UIViewController+YDNav.h */,
				150A679827060446009EE4AF /* UIViewController+YDNav.m */,
			);
			path = YDBaseVC;
			sourceTree = "<group>";
		};
		150A67A4270608AF009EE4AF /* VC */ = {
			isa = PBXGroup;
			children = (
				150A67A5270608BB009EE4AF /* YDLoginViewController.h */,
				150A67A6270608BB009EE4AF /* YDLoginViewController.m */,
			);
			path = VC;
			sourceTree = "<group>";
		};
		150A67B927068F65009EE4AF /* YDMine */ = {
			isa = PBXGroup;
			children = (
				150A67BE270691F0009EE4AF /* VC */,
			);
			path = YDMine;
			sourceTree = "<group>";
		};
		150A67BE270691F0009EE4AF /* VC */ = {
			isa = PBXGroup;
			children = (
				150A67BA270691EB009EE4AF /* YDMineViewController.h */,
				150A67BB270691EB009EE4AF /* YDMineViewController.m */,
			);
			path = VC;
			sourceTree = "<group>";
		};
		150A67BF27069227009EE4AF /* YDUtilBlock */ = {
			isa = PBXGroup;
			children = (
				150A67C0270692D1009EE4AF /* YDUtilBlock.h */,
			);
			path = YDUtilBlock;
			sourceTree = "<group>";
		};
		150A67C2270693F3009EE4AF /* YDPermissionUtil */ = {
			isa = PBXGroup;
			children = (
				150A67C327069437009EE4AF /* YDCameraPermissionUtil.h */,
				150A67C427069437009EE4AF /* YDCameraPermissionUtil.m */,
			);
			path = YDPermissionUtil;
			sourceTree = "<group>";
		};
		150A67C72706955E009EE4AF /* YDDB */ = {
			isa = PBXGroup;
			children = (
				150A67C827069690009EE4AF /* YDDB.h */,
				150A67C927069690009EE4AF /* YDDB.m */,
				15BA9C272711E930008019F4 /* YDDB+YDUser.h */,
				15BA9C282711E930008019F4 /* YDDB+YDUser.m */,
			);
			path = YDDB;
			sourceTree = "<group>";
		};
		150A67CC270696C8009EE4AF /* YDNotificationConst */ = {
			isa = PBXGroup;
			children = (
				150A67CD270696E6009EE4AF /* YDNotificationConst.h */,
				150A67DC27071302009EE4AF /* YDNotificationConst.m */,
			);
			path = YDNotificationConst;
			sourceTree = "<group>";
		};
		150A67CE27069830009EE4AF /* YDBaseUI */ = {
			isa = PBXGroup;
			children = (
				150A67DF27073546009EE4AF /* YDStyle */,
				150A67CF27069840009EE4AF /* YDBaseVIew */,
				150A678A270602C0009EE4AF /* YDBaseVC */,
			);
			path = YDBaseUI;
			sourceTree = "<group>";
		};
		150A67CF27069840009EE4AF /* YDBaseVIew */ = {
			isa = PBXGroup;
			children = (
				150A67D42706A0F9009EE4AF /* YDBaseView.h */,
				150A67D027069855009EE4AF /* YDButton.h */,
				150A67D127069855009EE4AF /* YDButton.m */,
				150A67F3270740B6009EE4AF /* YDView.h */,
				150A67F4270740B6009EE4AF /* YDView.m */,
				150A67E427073642009EE4AF /* YDImageView.h */,
				150A67E527073642009EE4AF /* YDImageView.m */,
				150A67E827073A69009EE4AF /* YDTableView.h */,
				150A67E927073A69009EE4AF /* YDTableView.m */,
			);
			path = YDBaseVIew;
			sourceTree = "<group>";
		};
		150A67DF27073546009EE4AF /* YDStyle */ = {
			isa = PBXGroup;
			children = (
				150A67E027073557009EE4AF /* YDStyle.h */,
				150A67E127073557009EE4AF /* YDStyle.m */,
			);
			path = YDStyle;
			sourceTree = "<group>";
		};
		150A67EC27074062009EE4AF /* YDHiddenFunction */ = {
			isa = PBXGroup;
			children = (
				150A67F22707409E009EE4AF /* VIew */,
				150A67ED2707407C009EE4AF /* VC */,
			);
			path = YDHiddenFunction;
			sourceTree = "<group>";
		};
		150A67ED2707407C009EE4AF /* VC */ = {
			isa = PBXGroup;
			children = (
				150A67EE27074092009EE4AF /* YDHiddenFunctionViewController.h */,
				150A67EF27074092009EE4AF /* YDHiddenFunctionViewController.m */,
			);
			path = VC;
			sourceTree = "<group>";
		};
		150A67F22707409E009EE4AF /* VIew */ = {
			isa = PBXGroup;
			children = (
				150A67F7270740D5009EE4AF /* YDHiddenFunctionPasswordInputView.h */,
				150A67F8270740D5009EE4AF /* YDHiddenFunctionPasswordInputView.m */,
				150A67FB27074AB2009EE4AF /* YDHiddenFunctionPasswordView.h */,
				150A67FC27074AB2009EE4AF /* YDHiddenFunctionPasswordView.m */,
			);
			path = VIew;
			sourceTree = "<group>";
		};
		157FFC9D2716F7400034946A /* YDFileManager */ = {
			isa = PBXGroup;
			children = (
				157FFC9E2716F75C0034946A /* YDFileManager.h */,
				157FFC9F2716F75C0034946A /* YDFileManager.m */,
			);
			path = YDFileManager;
			sourceTree = "<group>";
		};
		15850CD52713DD2E002F79B5 /* YDAlertView */ = {
			isa = PBXGroup;
			children = (
				15850CD62713DDE8002F79B5 /* YDAlertViewController.h */,
				15850CD72713DDE8002F79B5 /* YDAlertViewController.m */,
				15850CE32713E118002F79B5 /* YDAlertView.h */,
				15850CE42713E118002F79B5 /* YDAlertView.m */,
				15850CDB2713DFEF002F79B5 /* YDAlertAction.h */,
				15850CDC2713DFEF002F79B5 /* YDAlertAction.m */,
				15850CDF2713E067002F79B5 /* YDAlertViewConfig.h */,
				15850CE02713E067002F79B5 /* YDAlertViewConfig.m */,
			);
			path = YDAlertView;
			sourceTree = "<group>";
		};
		15850CDA2713DE5E002F79B5 /* YDClearCacheService */ = {
			isa = PBXGroup;
			children = (
				15850CE72713E297002F79B5 /* YDClearCacheProtocol.h */,
				15850CE82713E2CD002F79B5 /* YDClearCacheService.h */,
				15850CE92713E2CD002F79B5 /* YDClearCacheService.m */,
				15850CEC2713E92B002F79B5 /* YDClearCacheConfig.h */,
				15850CED2713E92C002F79B5 /* YDClearCacheConfig.m */,
			);
			path = YDClearCacheService;
			sourceTree = "<group>";
		};
		15850CFA2715B7B5002F79B5 /* YDLoggerUploadService */ = {
			isa = PBXGroup;
			children = (
				15850CFB2715B7DE002F79B5 /* YDLoggerUploadService.h */,
				15850CFC2715B7DE002F79B5 /* YDLoggerUploadService.m */,
			);
			path = YDLoggerUploadService;
			sourceTree = "<group>";
		};
		158AF8BA270418F90095A3B1 = {
			isa = PBXGroup;
			children = (
				158AF8C5270418F90095A3B1 /* yd-general-ios-app */,
				158AF8E1270418FC0095A3B1 /* yd-general-ios-appTests */,
				158AF8EB270418FC0095A3B1 /* yd-general-ios-appUITests */,
				158AF8C4270418F90095A3B1 /* Products */,
				E105E7DD253CA3FEFADD7A0E /* Pods */,
				B877425005EF63FE87D986E5 /* Frameworks */,
			);
			sourceTree = "<group>";
		};
		158AF8C4270418F90095A3B1 /* Products */ = {
			isa = PBXGroup;
			children = (
				158AF8C3270418F90095A3B1 /* yd-general-ios-app.app */,
				158AF8DE270418FC0095A3B1 /* yd-general-ios-appTests.xctest */,
				158AF8E8270418FC0095A3B1 /* yd-general-ios-appUITests.xctest */,
				158AF9092704193B0095A3B1 /* yd-general-ios-app-dev.app */,
			);
			name = Products;
			sourceTree = "<group>";
		};
		158AF8C5270418F90095A3B1 /* yd-general-ios-app */ = {
			isa = PBXGroup;
			children = (
				158AF91B270445380095A3B1 /* YDTest */,
				158AF91427043F260095A3B1 /* YDAPPDelegate */,
				150A67852706012F009EE4AF /* YDApp */,
				150A67C72706955E009EE4AF /* YDDB */,
				158AF91527043F550095A3B1 /* YDPch */,
				150A678927060275009EE4AF /* YDVendors */,
				158AF90B27043B440095A3B1 /* YDConfig */,
				15BA9C2B27127A5A008019F4 /* YDService */,
				158AF8D2270418FB0095A3B1 /* Assets.xcassets */,
				158AF8D4270418FB0095A3B1 /* LaunchScreen.storyboard */,
				158AF8D8270418FB0095A3B1 /* main.m */,
			);
			path = "yd-general-ios-app";
			sourceTree = "<group>";
		};
		158AF8E1270418FC0095A3B1 /* yd-general-ios-appTests */ = {
			isa = PBXGroup;
			children = (
				158AF8E2270418FC0095A3B1 /* yd_general_ios_appTests.m */,
			);
			path = "yd-general-ios-appTests";
			sourceTree = "<group>";
		};
		158AF8EB270418FC0095A3B1 /* yd-general-ios-appUITests */ = {
			isa = PBXGroup;
			children = (
				158AF8EC270418FC0095A3B1 /* yd_general_ios_appUITests.m */,
				158AF8EE270418FC0095A3B1 /* yd_general_ios_appUITestsLaunchTests.m */,
			);
			path = "yd-general-ios-appUITests";
			sourceTree = "<group>";
		};
		158AF90B27043B440095A3B1 /* YDConfig */ = {
			isa = PBXGroup;
			children = (
				15BA9C1D2711DEDB008019F4 /* YDPlistConst */,
				150A67CC270696C8009EE4AF /* YDNotificationConst */,
				150A67BF27069227009EE4AF /* YDUtilBlock */,
				150A67802706007C009EE4AF /* UserConfig */,
				150A677B2705FF68009EE4AF /* NetworkConfig */,
				158AF90C27043B7C0095A3B1 /* TargestDeploy */,
			);
			path = YDConfig;
			sourceTree = "<group>";
		};
		158AF90C27043B7C0095A3B1 /* TargestDeploy */ = {
			isa = PBXGroup;
			children = (
				158AF90D27043BB30095A3B1 /* yd-general-ios-app-dev-Info.plist */,
				158AF8D7270418FB0095A3B1 /* yd-general-ios-app-Info.plist */,
				158AF91127043CA80095A3B1 /* YDAppDefine.h */,
				158AF91227043E670095A3B1 /* YDAppOnlineDefine.h */,
				158AF91327043E760095A3B1 /* YDAppDevDefine.h */,
			);
			path = TargestDeploy;
			sourceTree = "<group>";
		};
		158AF91427043F260095A3B1 /* YDAPPDelegate */ = {
			isa = PBXGroup;
			children = (
				158AF8C6270418F90095A3B1 /* AppDelegate.h */,
				158AF8C7270418F90095A3B1 /* AppDelegate.m */,
				150A67D52706A128009EE4AF /* AppDelegate+YDSetupVC.h */,
				150A67D62706A128009EE4AF /* AppDelegate+YDSetupVC.m */,
				150A67B127068414009EE4AF /* AppDelegate+YDAvoidCrash.h */,
				150A67B227068414009EE4AF /* AppDelegate+YDAvoidCrash.m */,
				150A67B527068977009EE4AF /* AppDelegate+YDThird.h */,
				150A67B627068977009EE4AF /* AppDelegate+YDThird.m */,
				158AF917270443250095A3B1 /* AppDelegate+YDServicePush.h */,
				158AF918270443250095A3B1 /* AppDelegate+YDServicePush.m */,
				150A67D927070F86009EE4AF /* YDConfigImage.xcassets */,
			);
			path = YDAPPDelegate;
			sourceTree = "<group>";
		};
		158AF91527043F550095A3B1 /* YDPch */ = {
			isa = PBXGroup;
			children = (
				158AF91627043F820095A3B1 /* YDAppPch.pch */,
			);
			path = YDPch;
			sourceTree = "<group>";
		};
		158AF91B270445380095A3B1 /* YDTest */ = {
			isa = PBXGroup;
			children = (
				158AF91C2704455B0095A3B1 /* YDTestViewController.h */,
				158AF91D2704455C0095A3B1 /* YDTestViewController.m */,
			);
			path = YDTest;
			sourceTree = "<group>";
		};
		15BA9C1D2711DEDB008019F4 /* YDPlistConst */ = {
			isa = PBXGroup;
			children = (
				15BA9C1E2711DEFB008019F4 /* YDPlistConst.h */,
				15BA9C1F2711DEFB008019F4 /* YDPlistConst.m */,
			);
			path = YDPlistConst;
			sourceTree = "<group>";
		};
		15BA9C222711E4EA008019F4 /* YDUserModel */ = {
			isa = PBXGroup;
			children = (
				15BA9C232711E4FB008019F4 /* YDUser.h */,
				15BA9C242711E4FB008019F4 /* YDUser.m */,
			);
			path = YDUserModel;
			sourceTree = "<group>";
		};
		15BA9C2B27127A5A008019F4 /* YDService */ = {
			isa = PBXGroup;
			children = (
				157FFC9D2716F7400034946A /* YDFileManager */,
				15850CFA2715B7B5002F79B5 /* YDLoggerUploadService */,
				15850CDA2713DE5E002F79B5 /* YDClearCacheService */,
				15BA9C2C27127A71008019F4 /* YDUploadService */,
			);
			path = YDService;
			sourceTree = "<group>";
		};
		15BA9C2C27127A71008019F4 /* YDUploadService */ = {
			isa = PBXGroup;
			children = (
				15BA9C2D27127AA2008019F4 /* YDImageUploadService.h */,
				15BA9C2E27127AA2008019F4 /* YDImageUploadService.m */,
				157FFCA22716FBC30034946A /* YDUploadManager.h */,
				157FFCA32716FBC30034946A /* YDUploadManager.m */,
			);
			path = YDUploadService;
			sourceTree = "<group>";
		};
		15BA9C312712887B008019F4 /* Command */ = {
			isa = PBXGroup;
			children = (
				15BA9C36271288D2008019F4 /* YDLoginCommand.h */,
				15BA9C37271288D2008019F4 /* YDLoginCommand.m */,
			);
			path = Command;
			sourceTree = "<group>";
		};
		B877425005EF63FE87D986E5 /* Frameworks */ = {
			isa = PBXGroup;
			children = (
				38246749678BFA03C80151BE /* libPods-yd-general-ios-app.a */,
				7E27A2D3BDC72AB5C3E16729 /* libPods-yd-general-ios-app-dev.a */,
			);
			name = Frameworks;
			sourceTree = "<group>";
		};
		E105E7DD253CA3FEFADD7A0E /* Pods */ = {
			isa = PBXGroup;
			children = (
				DABD7102794D33F611892A56 /* Pods-yd-general-ios-app.debug.xcconfig */,
				87A3397D9D276E34E025EA8D /* Pods-yd-general-ios-app.release.xcconfig */,
				C4927EC62FAED2A1247763F7 /* Pods-yd-general-ios-app-dev.debug.xcconfig */,
				E6399C9DB774853E20F3742D /* Pods-yd-general-ios-app-dev.release.xcconfig */,
			);
			path = Pods;
			sourceTree = "<group>";
		};
/* End PBXGroup section */

/* Begin PBXNativeTarget section */
		158AF8C2270418F90095A3B1 /* yd-general-ios-app */ = {
			isa = PBXNativeTarget;
			buildConfigurationList = 158AF8F2270418FC0095A3B1 /* Build configuration list for PBXNativeTarget "yd-general-ios-app" */;
			buildPhases = (
				B611EB697D67503C4A688799 /* [CP] Check Pods Manifest.lock */,
				158AF8BF270418F90095A3B1 /* Sources */,
				158AF8C0270418F90095A3B1 /* Frameworks */,
				158AF8C1270418F90095A3B1 /* Resources */,
				A66ED02657B9B3B7A02FD7ED /* [CP] Copy Pods Resources */,
			);
			buildRules = (
			);
			dependencies = (
			);
			name = "yd-general-ios-app";
			productName = "yd-general-ios-app";
			productReference = 158AF8C3270418F90095A3B1 /* yd-general-ios-app.app */;
			productType = "com.apple.product-type.application";
		};
		158AF8DD270418FC0095A3B1 /* yd-general-ios-appTests */ = {
			isa = PBXNativeTarget;
			buildConfigurationList = 158AF8F5270418FC0095A3B1 /* Build configuration list for PBXNativeTarget "yd-general-ios-appTests" */;
			buildPhases = (
				158AF8DA270418FC0095A3B1 /* Sources */,
				158AF8DB270418FC0095A3B1 /* Frameworks */,
				158AF8DC270418FC0095A3B1 /* Resources */,
			);
			buildRules = (
			);
			dependencies = (
				158AF8E0270418FC0095A3B1 /* PBXTargetDependency */,
			);
			name = "yd-general-ios-appTests";
			productName = "yd-general-ios-appTests";
			productReference = 158AF8DE270418FC0095A3B1 /* yd-general-ios-appTests.xctest */;
			productType = "com.apple.product-type.bundle.unit-test";
		};
		158AF8E7270418FC0095A3B1 /* yd-general-ios-appUITests */ = {
			isa = PBXNativeTarget;
			buildConfigurationList = 158AF8F8270418FC0095A3B1 /* Build configuration list for PBXNativeTarget "yd-general-ios-appUITests" */;
			buildPhases = (
				158AF8E4270418FC0095A3B1 /* Sources */,
				158AF8E5270418FC0095A3B1 /* Frameworks */,
				158AF8E6270418FC0095A3B1 /* Resources */,
			);
			buildRules = (
			);
			dependencies = (
				158AF8EA270418FC0095A3B1 /* PBXTargetDependency */,
			);
			name = "yd-general-ios-appUITests";
			productName = "yd-general-ios-appUITests";
			productReference = 158AF8E8270418FC0095A3B1 /* yd-general-ios-appUITests.xctest */;
			productType = "com.apple.product-type.bundle.ui-testing";
		};
		158AF8FB2704193B0095A3B1 /* yd-general-ios-app-dev */ = {
			isa = PBXNativeTarget;
			buildConfigurationList = 158AF9062704193B0095A3B1 /* Build configuration list for PBXNativeTarget "yd-general-ios-app-dev" */;
			buildPhases = (
				3AD51D82244E32911D8FD0C2 /* [CP] Check Pods Manifest.lock */,
				158AF8FC2704193B0095A3B1 /* Sources */,
				158AF9012704193B0095A3B1 /* Frameworks */,
				158AF9022704193B0095A3B1 /* Resources */,
				C9456E6832F2BE3AD6D69944 /* [CP] Embed Pods Frameworks */,
				3EC746282BB4732AE6242202 /* [CP] Copy Pods Resources */,
			);
			buildRules = (
			);
			dependencies = (
			);
			name = "yd-general-ios-app-dev";
			productName = "yd-general-ios-app";
			productReference = 158AF9092704193B0095A3B1 /* yd-general-ios-app-dev.app */;
			productType = "com.apple.product-type.application";
		};
/* End PBXNativeTarget section */

/* Begin PBXProject section */
		158AF8BB270418F90095A3B1 /* Project object */ = {
			isa = PBXProject;
			attributes = {
				BuildIndependentTargetsInParallel = 1;
				CLASSPREFIX = YD;
				LastUpgradeCheck = 1300;
				TargetAttributes = {
					158AF8C2270418F90095A3B1 = {
						CreatedOnToolsVersion = 13.0;
					};
					158AF8DD270418FC0095A3B1 = {
						CreatedOnToolsVersion = 13.0;
						TestTargetID = 158AF8C2270418F90095A3B1;
					};
					158AF8E7270418FC0095A3B1 = {
						CreatedOnToolsVersion = 13.0;
						TestTargetID = 158AF8C2270418F90095A3B1;
					};
				};
			};
			buildConfigurationList = 158AF8BE270418F90095A3B1 /* Build configuration list for PBXProject "yd-general-ios-app" */;
			compatibilityVersion = "Xcode 13.0";
			developmentRegion = en;
			hasScannedForEncodings = 0;
			knownRegions = (
				en,
				Base,
			);
			mainGroup = 158AF8BA270418F90095A3B1;
			productRefGroup = 158AF8C4270418F90095A3B1 /* Products */;
			projectDirPath = "";
			projectRoot = "";
			targets = (
				158AF8C2270418F90095A3B1 /* yd-general-ios-app */,
				158AF8FB2704193B0095A3B1 /* yd-general-ios-app-dev */,
				158AF8DD270418FC0095A3B1 /* yd-general-ios-appTests */,
				158AF8E7270418FC0095A3B1 /* yd-general-ios-appUITests */,
			);
		};
/* End PBXProject section */

/* Begin PBXResourcesBuildPhase section */
		158AF8C1270418F90095A3B1 /* Resources */ = {
			isa = PBXResourcesBuildPhase;
			buildActionMask = 2147483647;
			files = (
				150A67DA27070F86009EE4AF /* YDConfigImage.xcassets in Resources */,
				158AF8D6270418FB0095A3B1 /* LaunchScreen.storyboard in Resources */,
				158AF8D3270418FB0095A3B1 /* Assets.xcassets in Resources */,
				158AF91027043BC20095A3B1 /* yd-general-ios-app-Info.plist in Resources */,
			);
			runOnlyForDeploymentPostprocessing = 0;
		};
		158AF8DC270418FC0095A3B1 /* Resources */ = {
			isa = PBXResourcesBuildPhase;
			buildActionMask = 2147483647;
			files = (
			);
			runOnlyForDeploymentPostprocessing = 0;
		};
		158AF8E6270418FC0095A3B1 /* Resources */ = {
			isa = PBXResourcesBuildPhase;
			buildActionMask = 2147483647;
			files = (
			);
			runOnlyForDeploymentPostprocessing = 0;
		};
		158AF9022704193B0095A3B1 /* Resources */ = {
			isa = PBXResourcesBuildPhase;
			buildActionMask = 2147483647;
			files = (
				150A67DB27070F86009EE4AF /* YDConfigImage.xcassets in Resources */,
				158AF9032704193B0095A3B1 /* LaunchScreen.storyboard in Resources */,
				158AF9042704193B0095A3B1 /* Assets.xcassets in Resources */,
				158AF90F27043BBF0095A3B1 /* yd-general-ios-app-dev-Info.plist in Resources */,
			);
			runOnlyForDeploymentPostprocessing = 0;
		};
/* End PBXResourcesBuildPhase section */

/* Begin PBXShellScriptBuildPhase section */
		3AD51D82244E32911D8FD0C2 /* [CP] Check Pods Manifest.lock */ = {
			isa = PBXShellScriptBuildPhase;
			buildActionMask = 2147483647;
			files = (
			);
			inputFileListPaths = (
			);
			inputPaths = (
				"${PODS_PODFILE_DIR_PATH}/Podfile.lock",
				"${PODS_ROOT}/Manifest.lock",
			);
			name = "[CP] Check Pods Manifest.lock";
			outputFileListPaths = (
			);
			outputPaths = (
				"$(DERIVED_FILE_DIR)/Pods-yd-general-ios-app-dev-checkManifestLockResult.txt",
			);
			runOnlyForDeploymentPostprocessing = 0;
			shellPath = /bin/sh;
			shellScript = "diff \"${PODS_PODFILE_DIR_PATH}/Podfile.lock\" \"${PODS_ROOT}/Manifest.lock\" > /dev/null\nif [ $? != 0 ] ; then\n    # print error to STDERR\n    echo \"error: The sandbox is not in sync with the Podfile.lock. Run 'pod install' or update your CocoaPods installation.\" >&2\n    exit 1\nfi\n# This output is used by Xcode 'outputs' to avoid re-running this script phase.\necho \"SUCCESS\" > \"${SCRIPT_OUTPUT_FILE_0}\"\n";
			showEnvVarsInLog = 0;
		};
		3EC746282BB4732AE6242202 /* [CP] Copy Pods Resources */ = {
			isa = PBXShellScriptBuildPhase;
			buildActionMask = 2147483647;
			files = (
			);
			inputFileListPaths = (
				"${PODS_ROOT}/Target Support Files/Pods-yd-general-ios-app-dev/Pods-yd-general-ios-app-dev-resources-${CONFIGURATION}-input-files.xcfilelist",
			);
			name = "[CP] Copy Pods Resources";
			outputFileListPaths = (
				"${PODS_ROOT}/Target Support Files/Pods-yd-general-ios-app-dev/Pods-yd-general-ios-app-dev-resources-${CONFIGURATION}-output-files.xcfilelist",
			);
			runOnlyForDeploymentPostprocessing = 0;
			shellPath = /bin/sh;
			shellScript = "\"${PODS_ROOT}/Target Support Files/Pods-yd-general-ios-app-dev/Pods-yd-general-ios-app-dev-resources.sh\"\n";
			showEnvVarsInLog = 0;
		};
		A66ED02657B9B3B7A02FD7ED /* [CP] Copy Pods Resources */ = {
			isa = PBXShellScriptBuildPhase;
			buildActionMask = 2147483647;
			files = (
			);
			inputFileListPaths = (
				"${PODS_ROOT}/Target Support Files/Pods-yd-general-ios-app/Pods-yd-general-ios-app-resources-${CONFIGURATION}-input-files.xcfilelist",
			);
			name = "[CP] Copy Pods Resources";
			outputFileListPaths = (
				"${PODS_ROOT}/Target Support Files/Pods-yd-general-ios-app/Pods-yd-general-ios-app-resources-${CONFIGURATION}-output-files.xcfilelist",
			);
			runOnlyForDeploymentPostprocessing = 0;
			shellPath = /bin/sh;
			shellScript = "\"${PODS_ROOT}/Target Support Files/Pods-yd-general-ios-app/Pods-yd-general-ios-app-resources.sh\"\n";
			showEnvVarsInLog = 0;
		};
		B611EB697D67503C4A688799 /* [CP] Check Pods Manifest.lock */ = {
			isa = PBXShellScriptBuildPhase;
			buildActionMask = 2147483647;
			files = (
			);
			inputFileListPaths = (
			);
			inputPaths = (
				"${PODS_PODFILE_DIR_PATH}/Podfile.lock",
				"${PODS_ROOT}/Manifest.lock",
			);
			name = "[CP] Check Pods Manifest.lock";
			outputFileListPaths = (
			);
			outputPaths = (
				"$(DERIVED_FILE_DIR)/Pods-yd-general-ios-app-checkManifestLockResult.txt",
			);
			runOnlyForDeploymentPostprocessing = 0;
			shellPath = /bin/sh;
			shellScript = "diff \"${PODS_PODFILE_DIR_PATH}/Podfile.lock\" \"${PODS_ROOT}/Manifest.lock\" > /dev/null\nif [ $? != 0 ] ; then\n    # print error to STDERR\n    echo \"error: The sandbox is not in sync with the Podfile.lock. Run 'pod install' or update your CocoaPods installation.\" >&2\n    exit 1\nfi\n# This output is used by Xcode 'outputs' to avoid re-running this script phase.\necho \"SUCCESS\" > \"${SCRIPT_OUTPUT_FILE_0}\"\n";
			showEnvVarsInLog = 0;
		};
		C9456E6832F2BE3AD6D69944 /* [CP] Embed Pods Frameworks */ = {
			isa = PBXShellScriptBuildPhase;
			buildActionMask = 2147483647;
			files = (
			);
			inputFileListPaths = (
				"${PODS_ROOT}/Target Support Files/Pods-yd-general-ios-app-dev/Pods-yd-general-ios-app-dev-frameworks-${CONFIGURATION}-input-files.xcfilelist",
			);
			name = "[CP] Embed Pods Frameworks";
			outputFileListPaths = (
				"${PODS_ROOT}/Target Support Files/Pods-yd-general-ios-app-dev/Pods-yd-general-ios-app-dev-frameworks-${CONFIGURATION}-output-files.xcfilelist",
			);
			runOnlyForDeploymentPostprocessing = 0;
			shellPath = /bin/sh;
			shellScript = "\"${PODS_ROOT}/Target Support Files/Pods-yd-general-ios-app-dev/Pods-yd-general-ios-app-dev-frameworks.sh\"\n";
			showEnvVarsInLog = 0;
		};
/* End PBXShellScriptBuildPhase section */

/* Begin PBXSourcesBuildPhase section */
		158AF8BF270418F90095A3B1 /* Sources */ = {
			isa = PBXSourcesBuildPhase;
			buildActionMask = 2147483647;
			files = (
				15BA9C38271288D2008019F4 /* YDLoginCommand.m in Sources */,
				15BA9C292711E930008019F4 /* YDDB+YDUser.m in Sources */,
				150A67C527069437009EE4AF /* YDCameraPermissionUtil.m in Sources */,
				150A677E2705FFEB009EE4AF /* YDNetWorkConfig.m in Sources */,
				150A67EA27073A69009EE4AF /* YDTableView.m in Sources */,
				15850CFD2715B7DE002F79B5 /* YDLoggerUploadService.m in Sources */,
				150A67B327068414009EE4AF /* AppDelegate+YDAvoidCrash.m in Sources */,
				15850CD82713DDE8002F79B5 /* YDAlertViewController.m in Sources */,
				150A67F5270740B6009EE4AF /* YDView.m in Sources */,
				150A679927060446009EE4AF /* UIViewController+YDNav.m in Sources */,
				150A67F9270740D5009EE4AF /* YDHiddenFunctionPasswordInputView.m in Sources */,
				150A67FD27074AB2009EE4AF /* YDHiddenFunctionPasswordView.m in Sources */,
				15BA9C2F27127AA2008019F4 /* YDImageUploadService.m in Sources */,
				150A67B727068977009EE4AF /* AppDelegate+YDThird.m in Sources */,
				15BA9C202711DEFB008019F4 /* YDPlistConst.m in Sources */,
				158AF8C8270418F90095A3B1 /* AppDelegate.m in Sources */,
				150A6791270603AE009EE4AF /* UIViewController+YDHook.m in Sources */,
				150A67BC270691EB009EE4AF /* YDMineViewController.m in Sources */,
				150A67A2270608A9009EE4AF /* YDHomePageViewController.m in Sources */,
				150A67F027074092009EE4AF /* YDHiddenFunctionViewController.m in Sources */,
				15850CEE2713E92C002F79B5 /* YDClearCacheConfig.m in Sources */,
				15850CE52713E118002F79B5 /* YDAlertView.m in Sources */,
				15850CDD2713DFEF002F79B5 /* YDAlertAction.m in Sources */,
				15850CEA2713E2CD002F79B5 /* YDClearCacheService.m in Sources */,
				157FFCA02716F75C0034946A /* YDFileManager.m in Sources */,
				150A67E627073642009EE4AF /* YDImageView.m in Sources */,
				158AF91E2704455C0095A3B1 /* YDTestViewController.m in Sources */,
				150A678D27060308009EE4AF /* YDBaseViewController.m in Sources */,
				150A67DD27071302009EE4AF /* YDNotificationConst.m in Sources */,
				150A678327060117009EE4AF /* YDUserConfig.m in Sources */,
				150A67D227069855009EE4AF /* YDButton.m in Sources */,
				158AF919270443250095A3B1 /* AppDelegate+YDServicePush.m in Sources */,
				158AF8D9270418FB0095A3B1 /* main.m in Sources */,
				157FFCA42716FBC30034946A /* YDUploadManager.m in Sources */,
				150A67CA27069690009EE4AF /* YDDB.m in Sources */,
				150A67E227073557009EE4AF /* YDStyle.m in Sources */,
				15850CE12713E067002F79B5 /* YDAlertViewConfig.m in Sources */,
				15BA9C252711E4FB008019F4 /* YDUser.m in Sources */,
				150A67D72706A128009EE4AF /* AppDelegate+YDSetupVC.m in Sources */,
				150A67A7270608BB009EE4AF /* YDLoginViewController.m in Sources */,
			);
			runOnlyForDeploymentPostprocessing = 0;
		};
		158AF8DA270418FC0095A3B1 /* Sources */ = {
			isa = PBXSourcesBuildPhase;
			buildActionMask = 2147483647;
			files = (
				158AF8E3270418FC0095A3B1 /* yd_general_ios_appTests.m in Sources */,
			);
			runOnlyForDeploymentPostprocessing = 0;
		};
		158AF8E4270418FC0095A3B1 /* Sources */ = {
			isa = PBXSourcesBuildPhase;
			buildActionMask = 2147483647;
			files = (
				158AF8EF270418FC0095A3B1 /* yd_general_ios_appUITestsLaunchTests.m in Sources */,
				158AF8ED270418FC0095A3B1 /* yd_general_ios_appUITests.m in Sources */,
			);
			runOnlyForDeploymentPostprocessing = 0;
		};
		158AF8FC2704193B0095A3B1 /* Sources */ = {
			isa = PBXSourcesBuildPhase;
			buildActionMask = 2147483647;
			files = (
				15BA9C39271288D2008019F4 /* YDLoginCommand.m in Sources */,
				15BA9C2A2711E930008019F4 /* YDDB+YDUser.m in Sources */,
				150A67C627069437009EE4AF /* YDCameraPermissionUtil.m in Sources */,
				150A677F2705FFEF009EE4AF /* YDNetWorkConfig.m in Sources */,
				150A67EB27073A69009EE4AF /* YDTableView.m in Sources */,
				15850CFE2715B7DF002F79B5 /* YDLoggerUploadService.m in Sources */,
				150A67B427068414009EE4AF /* AppDelegate+YDAvoidCrash.m in Sources */,
				15850CD92713DDE8002F79B5 /* YDAlertViewController.m in Sources */,
				150A67F6270740B6009EE4AF /* YDView.m in Sources */,
				150A679A27060446009EE4AF /* UIViewController+YDNav.m in Sources */,
				150A67FA270740D5009EE4AF /* YDHiddenFunctionPasswordInputView.m in Sources */,
				150A67FE27074AB4009EE4AF /* YDHiddenFunctionPasswordView.m in Sources */,
				15BA9C3027127AA2008019F4 /* YDImageUploadService.m in Sources */,
				150A67B827068977009EE4AF /* AppDelegate+YDThird.m in Sources */,
				15BA9C212711DEFB008019F4 /* YDPlistConst.m in Sources */,
				158AF8FE2704193B0095A3B1 /* AppDelegate.m in Sources */,
				150A6792270603AE009EE4AF /* UIViewController+YDHook.m in Sources */,
				150A67BD270691EB009EE4AF /* YDMineViewController.m in Sources */,
				150A67A3270608A9009EE4AF /* YDHomePageViewController.m in Sources */,
				150A67F127074092009EE4AF /* YDHiddenFunctionViewController.m in Sources */,
				15850CEF2713E92C002F79B5 /* YDClearCacheConfig.m in Sources */,
				15850CE62713E118002F79B5 /* YDAlertView.m in Sources */,
				15850CDE2713DFEF002F79B5 /* YDAlertAction.m in Sources */,
				15850CEB2713E2CD002F79B5 /* YDClearCacheService.m in Sources */,
				157FFCA12716F75C0034946A /* YDFileManager.m in Sources */,
				150A67E727073642009EE4AF /* YDImageView.m in Sources */,
				158AF91F2704455C0095A3B1 /* YDTestViewController.m in Sources */,
				150A678E27060308009EE4AF /* YDBaseViewController.m in Sources */,
				150A67DE27071302009EE4AF /* YDNotificationConst.m in Sources */,
				150A678427060117009EE4AF /* YDUserConfig.m in Sources */,
				150A67D327069855009EE4AF /* YDButton.m in Sources */,
				158AF91A270443250095A3B1 /* AppDelegate+YDServicePush.m in Sources */,
				158AF8FF2704193B0095A3B1 /* main.m in Sources */,
				157FFCA52716FBC30034946A /* YDUploadManager.m in Sources */,
				150A67CB27069690009EE4AF /* YDDB.m in Sources */,
				150A67E327073557009EE4AF /* YDStyle.m in Sources */,
				15850CE22713E067002F79B5 /* YDAlertViewConfig.m in Sources */,
				15BA9C262711E4FB008019F4 /* YDUser.m in Sources */,
				150A67D82706A128009EE4AF /* AppDelegate+YDSetupVC.m in Sources */,
				150A67A8270608BB009EE4AF /* YDLoginViewController.m in Sources */,
			);
			runOnlyForDeploymentPostprocessing = 0;
		};
/* End PBXSourcesBuildPhase section */

/* Begin PBXTargetDependency section */
		158AF8E0270418FC0095A3B1 /* PBXTargetDependency */ = {
			isa = PBXTargetDependency;
			target = 158AF8C2270418F90095A3B1 /* yd-general-ios-app */;
			targetProxy = 158AF8DF270418FC0095A3B1 /* PBXContainerItemProxy */;
		};
		158AF8EA270418FC0095A3B1 /* PBXTargetDependency */ = {
			isa = PBXTargetDependency;
			target = 158AF8C2270418F90095A3B1 /* yd-general-ios-app */;
			targetProxy = 158AF8E9270418FC0095A3B1 /* PBXContainerItemProxy */;
		};
/* End PBXTargetDependency section */

/* Begin PBXVariantGroup section */
		158AF8D4270418FB0095A3B1 /* LaunchScreen.storyboard */ = {
			isa = PBXVariantGroup;
			children = (
				158AF8D5270418FB0095A3B1 /* Base */,
			);
			name = LaunchScreen.storyboard;
			sourceTree = "<group>";
		};
/* End PBXVariantGroup section */

/* Begin XCBuildConfiguration section */
		158AF8F0270418FC0095A3B1 /* Debug */ = {
			isa = XCBuildConfiguration;
			buildSettings = {
				ALWAYS_SEARCH_USER_PATHS = NO;
				CLANG_ANALYZER_NONNULL = YES;
				CLANG_ANALYZER_NUMBER_OBJECT_CONVERSION = YES_AGGRESSIVE;
				CLANG_CXX_LANGUAGE_STANDARD = "gnu++17";
				CLANG_CXX_LIBRARY = "libc++";
				CLANG_ENABLE_MODULES = YES;
				CLANG_ENABLE_OBJC_ARC = YES;
				CLANG_ENABLE_OBJC_WEAK = YES;
				CLANG_WARN_BLOCK_CAPTURE_AUTORELEASING = YES;
				CLANG_WARN_BOOL_CONVERSION = YES;
				CLANG_WARN_COMMA = YES;
				CLANG_WARN_CONSTANT_CONVERSION = YES;
				CLANG_WARN_DEPRECATED_OBJC_IMPLEMENTATIONS = YES;
				CLANG_WARN_DIRECT_OBJC_ISA_USAGE = YES_ERROR;
				CLANG_WARN_DOCUMENTATION_COMMENTS = YES;
				CLANG_WARN_EMPTY_BODY = YES;
				CLANG_WARN_ENUM_CONVERSION = YES;
				CLANG_WARN_INFINITE_RECURSION = YES;
				CLANG_WARN_INT_CONVERSION = YES;
				CLANG_WARN_NON_LITERAL_NULL_CONVERSION = YES;
				CLANG_WARN_OBJC_IMPLICIT_RETAIN_SELF = YES;
				CLANG_WARN_OBJC_LITERAL_CONVERSION = YES;
				CLANG_WARN_OBJC_ROOT_CLASS = YES_ERROR;
				CLANG_WARN_QUOTED_INCLUDE_IN_FRAMEWORK_HEADER = YES;
				CLANG_WARN_RANGE_LOOP_ANALYSIS = YES;
				CLANG_WARN_STRICT_PROTOTYPES = YES;
				CLANG_WARN_SUSPICIOUS_MOVE = YES;
				CLANG_WARN_UNGUARDED_AVAILABILITY = YES_AGGRESSIVE;
				CLANG_WARN_UNREACHABLE_CODE = YES;
				CLANG_WARN__DUPLICATE_METHOD_MATCH = YES;
				COPY_PHASE_STRIP = NO;
				DEBUG_INFORMATION_FORMAT = dwarf;
				ENABLE_STRICT_OBJC_MSGSEND = YES;
				ENABLE_TESTABILITY = YES;
				GCC_C_LANGUAGE_STANDARD = gnu11;
				GCC_DYNAMIC_NO_PIC = NO;
				GCC_NO_COMMON_BLOCKS = YES;
				GCC_OPTIMIZATION_LEVEL = 0;
				GCC_PREPROCESSOR_DEFINITIONS = (
					"DEBUG=1",
					"$(inherited)",
				);
				GCC_WARN_64_TO_32_BIT_CONVERSION = YES;
				GCC_WARN_ABOUT_RETURN_TYPE = YES_ERROR;
				GCC_WARN_UNDECLARED_SELECTOR = YES;
				GCC_WARN_UNINITIALIZED_AUTOS = YES_AGGRESSIVE;
				GCC_WARN_UNUSED_FUNCTION = YES;
				GCC_WARN_UNUSED_VARIABLE = YES;
				IPHONEOS_DEPLOYMENT_TARGET = 10.0;
				MTL_ENABLE_DEBUG_INFO = INCLUDE_SOURCE;
				MTL_FAST_MATH = YES;
				ONLY_ACTIVE_ARCH = YES;
				SDKROOT = iphoneos;
			};
			name = Debug;
		};
		158AF8F1270418FC0095A3B1 /* Release */ = {
			isa = XCBuildConfiguration;
			buildSettings = {
				ALWAYS_SEARCH_USER_PATHS = NO;
				CLANG_ANALYZER_NONNULL = YES;
				CLANG_ANALYZER_NUMBER_OBJECT_CONVERSION = YES_AGGRESSIVE;
				CLANG_CXX_LANGUAGE_STANDARD = "gnu++17";
				CLANG_CXX_LIBRARY = "libc++";
				CLANG_ENABLE_MODULES = YES;
				CLANG_ENABLE_OBJC_ARC = YES;
				CLANG_ENABLE_OBJC_WEAK = YES;
				CLANG_WARN_BLOCK_CAPTURE_AUTORELEASING = YES;
				CLANG_WARN_BOOL_CONVERSION = YES;
				CLANG_WARN_COMMA = YES;
				CLANG_WARN_CONSTANT_CONVERSION = YES;
				CLANG_WARN_DEPRECATED_OBJC_IMPLEMENTATIONS = YES;
				CLANG_WARN_DIRECT_OBJC_ISA_USAGE = YES_ERROR;
				CLANG_WARN_DOCUMENTATION_COMMENTS = YES;
				CLANG_WARN_EMPTY_BODY = YES;
				CLANG_WARN_ENUM_CONVERSION = YES;
				CLANG_WARN_INFINITE_RECURSION = YES;
				CLANG_WARN_INT_CONVERSION = YES;
				CLANG_WARN_NON_LITERAL_NULL_CONVERSION = YES;
				CLANG_WARN_OBJC_IMPLICIT_RETAIN_SELF = YES;
				CLANG_WARN_OBJC_LITERAL_CONVERSION = YES;
				CLANG_WARN_OBJC_ROOT_CLASS = YES_ERROR;
				CLANG_WARN_QUOTED_INCLUDE_IN_FRAMEWORK_HEADER = YES;
				CLANG_WARN_RANGE_LOOP_ANALYSIS = YES;
				CLANG_WARN_STRICT_PROTOTYPES = YES;
				CLANG_WARN_SUSPICIOUS_MOVE = YES;
				CLANG_WARN_UNGUARDED_AVAILABILITY = YES_AGGRESSIVE;
				CLANG_WARN_UNREACHABLE_CODE = YES;
				CLANG_WARN__DUPLICATE_METHOD_MATCH = YES;
				COPY_PHASE_STRIP = NO;
				DEBUG_INFORMATION_FORMAT = "dwarf-with-dsym";
				ENABLE_NS_ASSERTIONS = NO;
				ENABLE_STRICT_OBJC_MSGSEND = YES;
				GCC_C_LANGUAGE_STANDARD = gnu11;
				GCC_NO_COMMON_BLOCKS = YES;
				GCC_WARN_64_TO_32_BIT_CONVERSION = YES;
				GCC_WARN_ABOUT_RETURN_TYPE = YES_ERROR;
				GCC_WARN_UNDECLARED_SELECTOR = YES;
				GCC_WARN_UNINITIALIZED_AUTOS = YES_AGGRESSIVE;
				GCC_WARN_UNUSED_FUNCTION = YES;
				GCC_WARN_UNUSED_VARIABLE = YES;
				IPHONEOS_DEPLOYMENT_TARGET = 10.0;
				MTL_ENABLE_DEBUG_INFO = NO;
				MTL_FAST_MATH = YES;
				SDKROOT = iphoneos;
				VALIDATE_PRODUCT = YES;
			};
			name = Release;
		};
		158AF8F3270418FC0095A3B1 /* Debug */ = {
			isa = XCBuildConfiguration;
			baseConfigurationReference = DABD7102794D33F611892A56 /* Pods-yd-general-ios-app.debug.xcconfig */;
			buildSettings = {
				ASSETCATALOG_COMPILER_APPICON_NAME = AppIcon;
				ASSETCATALOG_COMPILER_GLOBAL_ACCENT_COLOR_NAME = AccentColor;
				CODE_SIGN_STYLE = Automatic;
				CURRENT_PROJECT_VERSION = 1;
				DEVELOPMENT_TEAM = XWNPFKK4U5;
				GCC_PRECOMPILE_PREFIX_HEADER = NO;
				GCC_PREFIX_HEADER = "$(SRCROOT)/yd-general-ios-app/YDPch/YDAppPch.pch";
				GCC_PREPROCESSOR_DEFINITIONS = (
					"DEBUG=1",
					"$(inherited)",
					"kIosApp=1",
				);
				GENERATE_INFOPLIST_FILE = YES;
				INFOPLIST_FILE = "yd-general-ios-app/YDConfig/TargestDeploy/yd-general-ios-app-Info.plist";
				INFOPLIST_KEY_UIApplicationSupportsIndirectInputEvents = YES;
				INFOPLIST_KEY_UILaunchStoryboardName = LaunchScreen;
				INFOPLIST_KEY_UISupportedInterfaceOrientations = UIInterfaceOrientationPortrait;
				INFOPLIST_KEY_UISupportedInterfaceOrientations_iPad = "UIInterfaceOrientationPortrait UIInterfaceOrientationPortraitUpsideDown UIInterfaceOrientationLandscapeLeft UIInterfaceOrientationLandscapeRight";
				INFOPLIST_KEY_UISupportedInterfaceOrientations_iPhone = "UIInterfaceOrientationPortrait UIInterfaceOrientationLandscapeLeft UIInterfaceOrientationLandscapeRight";
				LD_RUNPATH_SEARCH_PATHS = (
					"$(inherited)",
					"@executable_path/Frameworks",
				);
				MARKETING_VERSION = 1.0;
				OTHER_LDFLAGS = (
					"$(inherited)",
					"-ObjC",
					"-l\"CYLTabBarController\"",
					"-l\"FMDB\"",
					"-l\"IQKeyboardManager\"",
					"-l\"M80AttributedLabel\"",
					"-l\"MJRefresh\"",
					"-l\"Masonry\"",
					"-l\"ReactiveObjC\"",
					"-l\"SDWebImage\"",
					"-l\"SVProgressHUD\"",
					"-l\"YDAvoidCrashKit\"",
					"-l\"YDNetworkManager\"",
					"-l\"YDUtilKit\"",
					"-l\"YTKNetwork\"",
					"-l\"YYModel\"",
					"-l\"c++\"",
					"-l\"lottie-ios\"",
					"-l\"sqlite3\"",
					"-l\"z\"",
					"-framework",
					"\"Bugly\"",
					"-framework",
					"\"CFNetwork\"",
					"-framework",
					"\"CoreFoundation\"",
					"-framework",
					"\"CoreGraphics\"",
					"-framework",
					"\"CoreText\"",
					"-framework",
					"\"Foundation\"",
					"-framework",
					"\"ImageIO\"",
					"-framework",
					"\"QuartzCore\"",
					"-framework",
					"\"Security\"",
					"-framework",
					"\"SystemConfiguration\"",
					"-framework",
					"\"UIKit\"",
				);
				PRODUCT_BUNDLE_IDENTIFIER = "com.yd-general-ios-app";
				PRODUCT_NAME = "$(TARGET_NAME)";
				SWIFT_EMIT_LOC_STRINGS = YES;
				TARGETED_DEVICE_FAMILY = "1,2";
			};
			name = Debug;
		};
		158AF8F4270418FC0095A3B1 /* Release */ = {
			isa = XCBuildConfiguration;
			baseConfigurationReference = 87A3397D9D276E34E025EA8D /* Pods-yd-general-ios-app.release.xcconfig */;
			buildSettings = {
				ASSETCATALOG_COMPILER_APPICON_NAME = AppIcon;
				ASSETCATALOG_COMPILER_GLOBAL_ACCENT_COLOR_NAME = AccentColor;
				CODE_SIGN_STYLE = Automatic;
				CURRENT_PROJECT_VERSION = 1;
				DEVELOPMENT_TEAM = XWNPFKK4U5;
				GCC_PRECOMPILE_PREFIX_HEADER = NO;
				GCC_PREFIX_HEADER = "$(SRCROOT)/yd-general-ios-app/YDPch/YDAppPch.pch";
				GCC_PREPROCESSOR_DEFINITIONS = "kIosApp=1";
				GENERATE_INFOPLIST_FILE = YES;
				INFOPLIST_FILE = "yd-general-ios-app/YDConfig/TargestDeploy/yd-general-ios-app-Info.plist";
				INFOPLIST_KEY_UIApplicationSupportsIndirectInputEvents = YES;
				INFOPLIST_KEY_UILaunchStoryboardName = LaunchScreen;
				INFOPLIST_KEY_UISupportedInterfaceOrientations = UIInterfaceOrientationPortrait;
				INFOPLIST_KEY_UISupportedInterfaceOrientations_iPad = "UIInterfaceOrientationPortrait UIInterfaceOrientationPortraitUpsideDown UIInterfaceOrientationLandscapeLeft UIInterfaceOrientationLandscapeRight";
				INFOPLIST_KEY_UISupportedInterfaceOrientations_iPhone = "UIInterfaceOrientationPortrait UIInterfaceOrientationLandscapeLeft UIInterfaceOrientationLandscapeRight";
				LD_RUNPATH_SEARCH_PATHS = (
					"$(inherited)",
					"@executable_path/Frameworks",
				);
				MARKETING_VERSION = 1.0;
				OTHER_LDFLAGS = (
					"$(inherited)",
					"-ObjC",
					"-l\"CYLTabBarController\"",
					"-l\"FMDB\"",
					"-l\"IQKeyboardManager\"",
					"-l\"M80AttributedLabel\"",
					"-l\"MJRefresh\"",
					"-l\"Masonry\"",
					"-l\"ReactiveObjC\"",
					"-l\"SDWebImage\"",
					"-l\"SVProgressHUD\"",
					"-l\"YDAvoidCrashKit\"",
					"-l\"YDNetworkManager\"",
					"-l\"YDUtilKit\"",
					"-l\"YTKNetwork\"",
					"-l\"YYModel\"",
					"-l\"c++\"",
					"-l\"lottie-ios\"",
					"-l\"sqlite3\"",
					"-l\"z\"",
					"-framework",
					"\"Bugly\"",
					"-framework",
					"\"CFNetwork\"",
					"-framework",
					"\"CoreFoundation\"",
					"-framework",
					"\"CoreGraphics\"",
					"-framework",
					"\"CoreText\"",
					"-framework",
					"\"Foundation\"",
					"-framework",
					"\"ImageIO\"",
					"-framework",
					"\"QuartzCore\"",
					"-framework",
					"\"Security\"",
					"-framework",
					"\"SystemConfiguration\"",
					"-framework",
					"\"UIKit\"",
				);
				PRODUCT_BUNDLE_IDENTIFIER = "com.yd-general-ios-app";
				PRODUCT_NAME = "$(TARGET_NAME)";
				SWIFT_EMIT_LOC_STRINGS = YES;
				TARGETED_DEVICE_FAMILY = "1,2";
			};
			name = Release;
		};
		158AF8F6270418FC0095A3B1 /* Debug */ = {
			isa = XCBuildConfiguration;
			buildSettings = {
				BUNDLE_LOADER = "$(TEST_HOST)";
				CODE_SIGN_STYLE = Automatic;
				CURRENT_PROJECT_VERSION = 1;
				DEVELOPMENT_TEAM = XWNPFKK4U5;
				GENERATE_INFOPLIST_FILE = YES;
				IPHONEOS_DEPLOYMENT_TARGET = 15.0;
				LD_RUNPATH_SEARCH_PATHS = (
					"$(inherited)",
					"@executable_path/Frameworks",
					"@loader_path/Frameworks",
				);
				MARKETING_VERSION = 1.0;
				PRODUCT_BUNDLE_IDENTIFIER = "com.yd-general-ios-appTests";
				PRODUCT_NAME = "$(TARGET_NAME)";
				SWIFT_EMIT_LOC_STRINGS = NO;
				TARGETED_DEVICE_FAMILY = "1,2";
				TEST_HOST = "$(BUILT_PRODUCTS_DIR)/yd-general-ios-app.app/yd-general-ios-app";
			};
			name = Debug;
		};
		158AF8F7270418FC0095A3B1 /* Release */ = {
			isa = XCBuildConfiguration;
			buildSettings = {
				BUNDLE_LOADER = "$(TEST_HOST)";
				CODE_SIGN_STYLE = Automatic;
				CURRENT_PROJECT_VERSION = 1;
				DEVELOPMENT_TEAM = XWNPFKK4U5;
				GENERATE_INFOPLIST_FILE = YES;
				IPHONEOS_DEPLOYMENT_TARGET = 15.0;
				LD_RUNPATH_SEARCH_PATHS = (
					"$(inherited)",
					"@executable_path/Frameworks",
					"@loader_path/Frameworks",
				);
				MARKETING_VERSION = 1.0;
				PRODUCT_BUNDLE_IDENTIFIER = "com.yd-general-ios-appTests";
				PRODUCT_NAME = "$(TARGET_NAME)";
				SWIFT_EMIT_LOC_STRINGS = NO;
				TARGETED_DEVICE_FAMILY = "1,2";
				TEST_HOST = "$(BUILT_PRODUCTS_DIR)/yd-general-ios-app.app/yd-general-ios-app";
			};
			name = Release;
		};
		158AF8F9270418FC0095A3B1 /* Debug */ = {
			isa = XCBuildConfiguration;
			buildSettings = {
				CODE_SIGN_STYLE = Automatic;
				CURRENT_PROJECT_VERSION = 1;
				DEVELOPMENT_TEAM = XWNPFKK4U5;
				GENERATE_INFOPLIST_FILE = YES;
				LD_RUNPATH_SEARCH_PATHS = (
					"$(inherited)",
					"@executable_path/Frameworks",
					"@loader_path/Frameworks",
				);
				MARKETING_VERSION = 1.0;
				PRODUCT_BUNDLE_IDENTIFIER = "com.yd-general-ios-appUITests";
				PRODUCT_NAME = "$(TARGET_NAME)";
				SWIFT_EMIT_LOC_STRINGS = NO;
				TARGETED_DEVICE_FAMILY = "1,2";
				TEST_TARGET_NAME = "yd-general-ios-app";
			};
			name = Debug;
		};
		158AF8FA270418FC0095A3B1 /* Release */ = {
			isa = XCBuildConfiguration;
			buildSettings = {
				CODE_SIGN_STYLE = Automatic;
				CURRENT_PROJECT_VERSION = 1;
				DEVELOPMENT_TEAM = XWNPFKK4U5;
				GENERATE_INFOPLIST_FILE = YES;
				LD_RUNPATH_SEARCH_PATHS = (
					"$(inherited)",
					"@executable_path/Frameworks",
					"@loader_path/Frameworks",
				);
				MARKETING_VERSION = 1.0;
				PRODUCT_BUNDLE_IDENTIFIER = "com.yd-general-ios-appUITests";
				PRODUCT_NAME = "$(TARGET_NAME)";
				SWIFT_EMIT_LOC_STRINGS = NO;
				TARGETED_DEVICE_FAMILY = "1,2";
				TEST_TARGET_NAME = "yd-general-ios-app";
			};
			name = Release;
		};
		158AF9072704193B0095A3B1 /* Debug */ = {
			isa = XCBuildConfiguration;
			baseConfigurationReference = C4927EC62FAED2A1247763F7 /* Pods-yd-general-ios-app-dev.debug.xcconfig */;
			buildSettings = {
				ASSETCATALOG_COMPILER_APPICON_NAME = AppIcon;
				ASSETCATALOG_COMPILER_GLOBAL_ACCENT_COLOR_NAME = AccentColor;
				CODE_SIGN_STYLE = Automatic;
				CURRENT_PROJECT_VERSION = 1;
				DEVELOPMENT_TEAM = XWNPFKK4U5;
				GCC_PREFIX_HEADER = "$(SRCROOT)/yd-general-ios-app/YDPch/YDAppPch.pch";
				GCC_PREPROCESSOR_DEFINITIONS = (
					"DEBUG=1",
					"$(inherited)",
					"kIosAppDev=1",
				);
				GENERATE_INFOPLIST_FILE = YES;
				INFOPLIST_FILE = "yd-general-ios-app/YDConfig/TargestDeploy/yd-general-ios-app-dev-Info.plist";
				INFOPLIST_KEY_UIApplicationSupportsIndirectInputEvents = YES;
				INFOPLIST_KEY_UILaunchStoryboardName = LaunchScreen;
				INFOPLIST_KEY_UISupportedInterfaceOrientations = UIInterfaceOrientationPortrait;
				INFOPLIST_KEY_UISupportedInterfaceOrientations_iPad = "UIInterfaceOrientationPortrait UIInterfaceOrientationPortraitUpsideDown UIInterfaceOrientationLandscapeLeft UIInterfaceOrientationLandscapeRight";
				INFOPLIST_KEY_UISupportedInterfaceOrientations_iPhone = "UIInterfaceOrientationPortrait UIInterfaceOrientationLandscapeLeft UIInterfaceOrientationLandscapeRight";
				LD_RUNPATH_SEARCH_PATHS = (
					"$(inherited)",
					"@executable_path/Frameworks",
				);
				MARKETING_VERSION = 1.0;
				PRODUCT_BUNDLE_IDENTIFIER = "com.yd-general-ios-app";
				PRODUCT_NAME = "$(TARGET_NAME)";
				SWIFT_EMIT_LOC_STRINGS = YES;
				TARGETED_DEVICE_FAMILY = "1,2";
			};
			name = Debug;
		};
		158AF9082704193B0095A3B1 /* Release */ = {
			isa = XCBuildConfiguration;
			baseConfigurationReference = E6399C9DB774853E20F3742D /* Pods-yd-general-ios-app-dev.release.xcconfig */;
			buildSettings = {
				ASSETCATALOG_COMPILER_APPICON_NAME = AppIcon;
				ASSETCATALOG_COMPILER_GLOBAL_ACCENT_COLOR_NAME = AccentColor;
				CODE_SIGN_STYLE = Automatic;
				CURRENT_PROJECT_VERSION = 1;
				DEVELOPMENT_TEAM = XWNPFKK4U5;
				GCC_PREFIX_HEADER = "$(SRCROOT)/yd-general-ios-app/YDPch/YDAppPch.pch";
				GCC_PREPROCESSOR_DEFINITIONS = "kIosAppDev=1";
				GENERATE_INFOPLIST_FILE = YES;
				INFOPLIST_FILE = "yd-general-ios-app/YDConfig/TargestDeploy/yd-general-ios-app-dev-Info.plist";
				INFOPLIST_KEY_UIApplicationSupportsIndirectInputEvents = YES;
				INFOPLIST_KEY_UILaunchStoryboardName = LaunchScreen;
				INFOPLIST_KEY_UISupportedInterfaceOrientations = UIInterfaceOrientationPortrait;
				INFOPLIST_KEY_UISupportedInterfaceOrientations_iPad = "UIInterfaceOrientationPortrait UIInterfaceOrientationPortraitUpsideDown UIInterfaceOrientationLandscapeLeft UIInterfaceOrientationLandscapeRight";
				INFOPLIST_KEY_UISupportedInterfaceOrientations_iPhone = "UIInterfaceOrientationPortrait UIInterfaceOrientationLandscapeLeft UIInterfaceOrientationLandscapeRight";
				LD_RUNPATH_SEARCH_PATHS = (
					"$(inherited)",
					"@executable_path/Frameworks",
				);
				MARKETING_VERSION = 1.0;
				PRODUCT_BUNDLE_IDENTIFIER = "com.yd-general-ios-app";
				PRODUCT_NAME = "$(TARGET_NAME)";
				SWIFT_EMIT_LOC_STRINGS = YES;
				TARGETED_DEVICE_FAMILY = "1,2";
			};
			name = Release;
		};
/* End XCBuildConfiguration section */

/* Begin XCConfigurationList section */
		158AF8BE270418F90095A3B1 /* Build configuration list for PBXProject "yd-general-ios-app" */ = {
			isa = XCConfigurationList;
			buildConfigurations = (
				158AF8F0270418FC0095A3B1 /* Debug */,
				158AF8F1270418FC0095A3B1 /* Release */,
			);
			defaultConfigurationIsVisible = 0;
			defaultConfigurationName = Release;
		};
		158AF8F2270418FC0095A3B1 /* Build configuration list for PBXNativeTarget "yd-general-ios-app" */ = {
			isa = XCConfigurationList;
			buildConfigurations = (
				158AF8F3270418FC0095A3B1 /* Debug */,
				158AF8F4270418FC0095A3B1 /* Release */,
			);
			defaultConfigurationIsVisible = 0;
			defaultConfigurationName = Release;
		};
		158AF8F5270418FC0095A3B1 /* Build configuration list for PBXNativeTarget "yd-general-ios-appTests" */ = {
			isa = XCConfigurationList;
			buildConfigurations = (
				158AF8F6270418FC0095A3B1 /* Debug */,
				158AF8F7270418FC0095A3B1 /* Release */,
			);
			defaultConfigurationIsVisible = 0;
			defaultConfigurationName = Release;
		};
		158AF8F8270418FC0095A3B1 /* Build configuration list for PBXNativeTarget "yd-general-ios-appUITests" */ = {
			isa = XCConfigurationList;
			buildConfigurations = (
				158AF8F9270418FC0095A3B1 /* Debug */,
				158AF8FA270418FC0095A3B1 /* Release */,
			);
			defaultConfigurationIsVisible = 0;
			defaultConfigurationName = Release;
		};
		158AF9062704193B0095A3B1 /* Build configuration list for PBXNativeTarget "yd-general-ios-app-dev" */ = {
			isa = XCConfigurationList;
			buildConfigurations = (
				158AF9072704193B0095A3B1 /* Debug */,
				158AF9082704193B0095A3B1 /* Release */,
			);
			defaultConfigurationIsVisible = 0;
			defaultConfigurationName = Release;
		};
/* End XCConfigurationList section */
	};
	rootObject = 158AF8BB270418F90095A3B1 /* Project object */;
}
